// !$*UTF8*$!
{
	archiveVersion = 1;
	classes = {
	};
	objectVersion = 56;
	objects = {

/* Begin PBXBuildFile section */
		427EB7502B91B64700AA748F /* AppDelegate.swift in Sources */ = {isa = PBXBuildFile; fileRef = 427EB74F2B91B64700AA748F /* AppDelegate.swift */; };
		427EB7522B91B64700AA748F /* SceneDelegate.swift in Sources */ = {isa = PBXBuildFile; fileRef = 427EB7512B91B64700AA748F /* SceneDelegate.swift */; };
		427EB7542B91B64700AA748F /* LoginViewController.swift in Sources */ = {isa = PBXBuildFile; fileRef = 427EB7532B91B64700AA748F /* LoginViewController.swift */; };
		427EB7572B91B64700AA748F /* Main.storyboard in Resources */ = {isa = PBXBuildFile; fileRef = 427EB7552B91B64700AA748F /* Main.storyboard */; };
		427EB7592B91B64800AA748F /* Assets.xcassets in Resources */ = {isa = PBXBuildFile; fileRef = 427EB7582B91B64800AA748F /* Assets.xcassets */; };
		427EB75C2B91B64800AA748F /* LaunchScreen.storyboard in Resources */ = {isa = PBXBuildFile; fileRef = 427EB75A2B91B64800AA748F /* LaunchScreen.storyboard */; };
		427EB7642B91B71700AA748F /* TasksViewController.swift in Sources */ = {isa = PBXBuildFile; fileRef = 427EB7632B91B71700AA748F /* TasksViewController.swift */; };
		427EB7662B91B9BD00AA748F /* GoogleService-Info.plist in Resources */ = {isa = PBXBuildFile; fileRef = 427EB7652B91B9BD00AA748F /* GoogleService-Info.plist */; };
		427EB7692B91BA6600AA748F /* FirebaseAnalytics in Frameworks */ = {isa = PBXBuildFile; productRef = 427EB7682B91BA6600AA748F /* FirebaseAnalytics */; };
		427EB76B2B91BA6600AA748F /* FirebaseAnalyticsOnDeviceConversion in Frameworks */ = {isa = PBXBuildFile; productRef = 427EB76A2B91BA6600AA748F /* FirebaseAnalyticsOnDeviceConversion */; };
		427EB76D2B91BA6600AA748F /* FirebaseAnalyticsSwift in Frameworks */ = {isa = PBXBuildFile; productRef = 427EB76C2B91BA6600AA748F /* FirebaseAnalyticsSwift */; };
		427EB76F2B91BA6600AA748F /* FirebaseAnalyticsWithoutAdIdSupport in Frameworks */ = {isa = PBXBuildFile; productRef = 427EB76E2B91BA6600AA748F /* FirebaseAnalyticsWithoutAdIdSupport */; };
		427EB7712B91BA6600AA748F /* FirebaseAppCheck in Frameworks */ = {isa = PBXBuildFile; productRef = 427EB7702B91BA6600AA748F /* FirebaseAppCheck */; };
		427EB7732B91BA6600AA748F /* FirebaseAppDistribution-Beta in Frameworks */ = {isa = PBXBuildFile; productRef = 427EB7722B91BA6600AA748F /* FirebaseAppDistribution-Beta */; };
		427EB7752B91BA6600AA748F /* FirebaseAuth in Frameworks */ = {isa = PBXBuildFile; productRef = 427EB7742B91BA6600AA748F /* FirebaseAuth */; };
		427EB7772B91BA6600AA748F /* FirebaseAuthCombine-Community in Frameworks */ = {isa = PBXBuildFile; productRef = 427EB7762B91BA6600AA748F /* FirebaseAuthCombine-Community */; };
		427EB7792B91BA6600AA748F /* FirebaseCrashlytics in Frameworks */ = {isa = PBXBuildFile; productRef = 427EB7782B91BA6600AA748F /* FirebaseCrashlytics */; };
		427EB77B2B91BA6600AA748F /* FirebaseDatabase in Frameworks */ = {isa = PBXBuildFile; productRef = 427EB77A2B91BA6600AA748F /* FirebaseDatabase */; };
		427EB77D2B91BA6600AA748F /* FirebaseDatabaseSwift in Frameworks */ = {isa = PBXBuildFile; productRef = 427EB77C2B91BA6600AA748F /* FirebaseDatabaseSwift */; };
		427EB77F2B91BA6600AA748F /* FirebaseDynamicLinks in Frameworks */ = {isa = PBXBuildFile; productRef = 427EB77E2B91BA6600AA748F /* FirebaseDynamicLinks */; };
		427EB7812B91BA6600AA748F /* FirebaseFirestore in Frameworks */ = {isa = PBXBuildFile; productRef = 427EB7802B91BA6600AA748F /* FirebaseFirestore */; };
		427EB7832B91BA6600AA748F /* FirebaseFirestoreCombine-Community in Frameworks */ = {isa = PBXBuildFile; productRef = 427EB7822B91BA6600AA748F /* FirebaseFirestoreCombine-Community */; };
		427EB7852B91BA6600AA748F /* FirebaseFirestoreSwift in Frameworks */ = {isa = PBXBuildFile; productRef = 427EB7842B91BA6600AA748F /* FirebaseFirestoreSwift */; };
		427EB7872B91BA6600AA748F /* FirebaseFunctions in Frameworks */ = {isa = PBXBuildFile; productRef = 427EB7862B91BA6600AA748F /* FirebaseFunctions */; };
		427EB7892B91BA6600AA748F /* FirebaseFunctionsCombine-Community in Frameworks */ = {isa = PBXBuildFile; productRef = 427EB7882B91BA6600AA748F /* FirebaseFunctionsCombine-Community */; };
		427EB78B2B91BA6600AA748F /* FirebaseInAppMessaging-Beta in Frameworks */ = {isa = PBXBuildFile; productRef = 427EB78A2B91BA6600AA748F /* FirebaseInAppMessaging-Beta */; };
		427EB78D2B91BA6600AA748F /* FirebaseInAppMessagingSwift-Beta in Frameworks */ = {isa = PBXBuildFile; productRef = 427EB78C2B91BA6600AA748F /* FirebaseInAppMessagingSwift-Beta */; };
		427EB78F2B91BA6600AA748F /* FirebaseInstallations in Frameworks */ = {isa = PBXBuildFile; productRef = 427EB78E2B91BA6600AA748F /* FirebaseInstallations */; };
		427EB7912B91BA6600AA748F /* FirebaseMLModelDownloader in Frameworks */ = {isa = PBXBuildFile; productRef = 427EB7902B91BA6600AA748F /* FirebaseMLModelDownloader */; };
		427EB7932B91BA6600AA748F /* FirebaseMessaging in Frameworks */ = {isa = PBXBuildFile; productRef = 427EB7922B91BA6600AA748F /* FirebaseMessaging */; };
		427EB7952B91BA6600AA748F /* FirebasePerformance in Frameworks */ = {isa = PBXBuildFile; productRef = 427EB7942B91BA6600AA748F /* FirebasePerformance */; };
		427EB7972B91BA6600AA748F /* FirebaseRemoteConfig in Frameworks */ = {isa = PBXBuildFile; productRef = 427EB7962B91BA6600AA748F /* FirebaseRemoteConfig */; };
		427EB7992B91BA6600AA748F /* FirebaseRemoteConfigSwift in Frameworks */ = {isa = PBXBuildFile; productRef = 427EB7982B91BA6600AA748F /* FirebaseRemoteConfigSwift */; };
		427EB79B2B91BA6600AA748F /* FirebaseStorage in Frameworks */ = {isa = PBXBuildFile; productRef = 427EB79A2B91BA6600AA748F /* FirebaseStorage */; };
		427EB79D2B91BA6600AA748F /* FirebaseStorageCombine-Community in Frameworks */ = {isa = PBXBuildFile; productRef = 427EB79C2B91BA6600AA748F /* FirebaseStorageCombine-Community */; };
/* End PBXBuildFile section */

/* Begin PBXFileReference section */
		427EB74C2B91B64700AA748F /* TODO.app */ = {isa = PBXFileReference; explicitFileType = wrapper.application; includeInIndex = 0; path = TODO.app; sourceTree = BUILT_PRODUCTS_DIR; };
		427EB74F2B91B64700AA748F /* AppDelegate.swift */ = {isa = PBXFileReference; lastKnownFileType = sourcecode.swift; path = AppDelegate.swift; sourceTree = "<group>"; };
		427EB7512B91B64700AA748F /* SceneDelegate.swift */ = {isa = PBXFileReference; lastKnownFileType = sourcecode.swift; path = SceneDelegate.swift; sourceTree = "<group>"; };
		427EB7532B91B64700AA748F /* LoginViewController.swift */ = {isa = PBXFileReference; lastKnownFileType = sourcecode.swift; path = LoginViewController.swift; sourceTree = "<group>"; };
		427EB7562B91B64700AA748F /* Base */ = {isa = PBXFileReference; lastKnownFileType = file.storyboard; name = Base; path = Base.lproj/Main.storyboard; sourceTree = "<group>"; };
		427EB7582B91B64800AA748F /* Assets.xcassets */ = {isa = PBXFileReference; lastKnownFileType = folder.assetcatalog; path = Assets.xcassets; sourceTree = "<group>"; };
		427EB75B2B91B64800AA748F /* Base */ = {isa = PBXFileReference; lastKnownFileType = file.storyboard; name = Base; path = Base.lproj/LaunchScreen.storyboard; sourceTree = "<group>"; };
		427EB75D2B91B64800AA748F /* Info.plist */ = {isa = PBXFileReference; lastKnownFileType = text.plist.xml; path = Info.plist; sourceTree = "<group>"; };
		427EB7632B91B71700AA748F /* TasksViewController.swift */ = {isa = PBXFileReference; lastKnownFileType = sourcecode.swift; path = TasksViewController.swift; sourceTree = "<group>"; };
		427EB7652B91B9BD00AA748F /* GoogleService-Info.plist */ = {isa = PBXFileReference; fileEncoding = 4; lastKnownFileType = text.plist.xml; path = "GoogleService-Info.plist"; sourceTree = "<group>"; };
/* End PBXFileReference section */

/* Begin PBXFrameworksBuildPhase section */
		427EB7492B91B64700AA748F /* Frameworks */ = {
			isa = PBXFrameworksBuildPhase;
			buildActionMask = 2147483647;
			files = (
				427EB77B2B91BA6600AA748F /* FirebaseDatabase in Frameworks */,
				427EB7892B91BA6600AA748F /* FirebaseFunctionsCombine-Community in Frameworks */,
				427EB7812B91BA6600AA748F /* FirebaseFirestore in Frameworks */,
				427EB76D2B91BA6600AA748F /* FirebaseAnalyticsSwift in Frameworks */,
				427EB7692B91BA6600AA748F /* FirebaseAnalytics in Frameworks */,
				427EB76B2B91BA6600AA748F /* FirebaseAnalyticsOnDeviceConversion in Frameworks */,
				427EB7912B91BA6600AA748F /* FirebaseMLModelDownloader in Frameworks */,
				427EB7852B91BA6600AA748F /* FirebaseFirestoreSwift in Frameworks */,
				427EB7712B91BA6600AA748F /* FirebaseAppCheck in Frameworks */,
				427EB76F2B91BA6600AA748F /* FirebaseAnalyticsWithoutAdIdSupport in Frameworks */,
				427EB7752B91BA6600AA748F /* FirebaseAuth in Frameworks */,
				427EB7792B91BA6600AA748F /* FirebaseCrashlytics in Frameworks */,
				427EB7992B91BA6600AA748F /* FirebaseRemoteConfigSwift in Frameworks */,
				427EB78B2B91BA6600AA748F /* FirebaseInAppMessaging-Beta in Frameworks */,
				427EB77D2B91BA6600AA748F /* FirebaseDatabaseSwift in Frameworks */,
				427EB7872B91BA6600AA748F /* FirebaseFunctions in Frameworks */,
				427EB79D2B91BA6600AA748F /* FirebaseStorageCombine-Community in Frameworks */,
				427EB7972B91BA6600AA748F /* FirebaseRemoteConfig in Frameworks */,
				427EB7732B91BA6600AA748F /* FirebaseAppDistribution-Beta in Frameworks */,
				427EB7772B91BA6600AA748F /* FirebaseAuthCombine-Community in Frameworks */,
				427EB7952B91BA6600AA748F /* FirebasePerformance in Frameworks */,
				427EB78D2B91BA6600AA748F /* FirebaseInAppMessagingSwift-Beta in Frameworks */,
				427EB79B2B91BA6600AA748F /* FirebaseStorage in Frameworks */,
				427EB77F2B91BA6600AA748F /* FirebaseDynamicLinks in Frameworks */,
				427EB7832B91BA6600AA748F /* FirebaseFirestoreCombine-Community in Frameworks */,
				427EB7932B91BA6600AA748F /* FirebaseMessaging in Frameworks */,
				427EB78F2B91BA6600AA748F /* FirebaseInstallations in Frameworks */,
			);
			runOnlyForDeploymentPostprocessing = 0;
		};
/* End PBXFrameworksBuildPhase section */

/* Begin PBXGroup section */
		427EB7432B91B64700AA748F = {
			isa = PBXGroup;
			children = (
				427EB74E2B91B64700AA748F /* TODO */,
				427EB74D2B91B64700AA748F /* Products */,
			);
			sourceTree = "<group>";
		};
		427EB74D2B91B64700AA748F /* Products */ = {
			isa = PBXGroup;
			children = (
				427EB74C2B91B64700AA748F /* TODO.app */,
			);
			name = Products;
			sourceTree = "<group>";
		};
		427EB74E2B91B64700AA748F /* TODO */ = {
			isa = PBXGroup;
			children = (
				427EB74F2B91B64700AA748F /* AppDelegate.swift */,
				427EB7512B91B64700AA748F /* SceneDelegate.swift */,
				427EB7532B91B64700AA748F /* LoginViewController.swift */,
				427EB7552B91B64700AA748F /* Main.storyboard */,
				427EB7632B91B71700AA748F /* TasksViewController.swift */,
				427EB7582B91B64800AA748F /* Assets.xcassets */,
				427EB75A2B91B64800AA748F /* LaunchScreen.storyboard */,
				427EB75D2B91B64800AA748F /* Info.plist */,
				427EB7652B91B9BD00AA748F /* GoogleService-Info.plist */,
			);
			path = TODO;
			sourceTree = "<group>";
		};
/* End PBXGroup section */

/* Begin PBXNativeTarget section */
		427EB74B2B91B64700AA748F /* TODO */ = {
			isa = PBXNativeTarget;
			buildConfigurationList = 427EB7602B91B64800AA748F /* Build configuration list for PBXNativeTarget "TODO" */;
			buildPhases = (
				427EB7482B91B64700AA748F /* Sources */,
				427EB7492B91B64700AA748F /* Frameworks */,
				427EB74A2B91B64700AA748F /* Resources */,
			);
			buildRules = (
			);
			dependencies = (
			);
			name = TODO;
			packageProductDependencies = (
				427EB7682B91BA6600AA748F /* FirebaseAnalytics */,
				427EB76A2B91BA6600AA748F /* FirebaseAnalyticsOnDeviceConversion */,
				427EB76C2B91BA6600AA748F /* FirebaseAnalyticsSwift */,
				427EB76E2B91BA6600AA748F /* FirebaseAnalyticsWithoutAdIdSupport */,
				427EB7702B91BA6600AA748F /* FirebaseAppCheck */,
				427EB7722B91BA6600AA748F /* FirebaseAppDistribution-Beta */,
				427EB7742B91BA6600AA748F /* FirebaseAuth */,
				427EB7762B91BA6600AA748F /* FirebaseAuthCombine-Community */,
				427EB7782B91BA6600AA748F /* FirebaseCrashlytics */,
				427EB77A2B91BA6600AA748F /* FirebaseDatabase */,
				427EB77C2B91BA6600AA748F /* FirebaseDatabaseSwift */,
				427EB77E2B91BA6600AA748F /* FirebaseDynamicLinks */,
				427EB7802B91BA6600AA748F /* FirebaseFirestore */,
				427EB7822B91BA6600AA748F /* FirebaseFirestoreCombine-Community */,
				427EB7842B91BA6600AA748F /* FirebaseFirestoreSwift */,
				427EB7862B91BA6600AA748F /* FirebaseFunctions */,
				427EB7882B91BA6600AA748F /* FirebaseFunctionsCombine-Community */,
				427EB78A2B91BA6600AA748F /* FirebaseInAppMessaging-Beta */,
				427EB78C2B91BA6600AA748F /* FirebaseInAppMessagingSwift-Beta */,
				427EB78E2B91BA6600AA748F /* FirebaseInstallations */,
				427EB7902B91BA6600AA748F /* FirebaseMLModelDownloader */,
				427EB7922B91BA6600AA748F /* FirebaseMessaging */,
				427EB7942B91BA6600AA748F /* FirebasePerformance */,
				427EB7962B91BA6600AA748F /* FirebaseRemoteConfig */,
				427EB7982B91BA6600AA748F /* FirebaseRemoteConfigSwift */,
				427EB79A2B91BA6600AA748F /* FirebaseStorage */,
				427EB79C2B91BA6600AA748F /* FirebaseStorageCombine-Community */,
			);
			productName = TODO;
			productReference = 427EB74C2B91B64700AA748F /* TODO.app */;
			productType = "com.apple.product-type.application";
		};
/* End PBXNativeTarget section */

/* Begin PBXProject section */
		427EB7442B91B64700AA748F /* Project object */ = {
			isa = PBXProject;
			attributes = {
				BuildIndependentTargetsInParallel = 1;
				LastSwiftUpdateCheck = 1520;
				LastUpgradeCheck = 1520;
				TargetAttributes = {
					427EB74B2B91B64700AA748F = {
						CreatedOnToolsVersion = 15.2;
					};
				};
			};
			buildConfigurationList = 427EB7472B91B64700AA748F /* Build configuration list for PBXProject "TODO" */;
			compatibilityVersion = "Xcode 14.0";
			developmentRegion = en;
			hasScannedForEncodings = 0;
			knownRegions = (
				en,
				Base,
			);
			mainGroup = 427EB7432B91B64700AA748F;
			packageReferences = (
				427EB7672B91BA6600AA748F /* XCRemoteSwiftPackageReference "firebase-ios-sdk" */,
			);
			productRefGroup = 427EB74D2B91B64700AA748F /* Products */;
			projectDirPath = "";
			projectRoot = "";
			targets = (
				427EB74B2B91B64700AA748F /* TODO */,
			);
		};
/* End PBXProject section */

/* Begin PBXResourcesBuildPhase section */
		427EB74A2B91B64700AA748F /* Resources */ = {
			isa = PBXResourcesBuildPhase;
			buildActionMask = 2147483647;
			files = (
				427EB75C2B91B64800AA748F /* LaunchScreen.storyboard in Resources */,
				427EB7662B91B9BD00AA748F /* GoogleService-Info.plist in Resources */,
				427EB7592B91B64800AA748F /* Assets.xcassets in Resources */,
				427EB7572B91B64700AA748F /* Main.storyboard in Resources */,
			);
			runOnlyForDeploymentPostprocessing = 0;
		};
/* End PBXResourcesBuildPhase section */

/* Begin PBXSourcesBuildPhase section */
		427EB7482B91B64700AA748F /* Sources */ = {
			isa = PBXSourcesBuildPhase;
			buildActionMask = 2147483647;
			files = (
				427EB7542B91B64700AA748F /* LoginViewController.swift in Sources */,
				427EB7642B91B71700AA748F /* TasksViewController.swift in Sources */,
				427EB7502B91B64700AA748F /* AppDelegate.swift in Sources */,
				427EB7522B91B64700AA748F /* SceneDelegate.swift in Sources */,
			);
			runOnlyForDeploymentPostprocessing = 0;
		};
/* End PBXSourcesBuildPhase section */

/* Begin PBXVariantGroup section */
		427EB7552B91B64700AA748F /* Main.storyboard */ = {
			isa = PBXVariantGroup;
			children = (
				427EB7562B91B64700AA748F /* Base */,
			);
			name = Main.storyboard;
			sourceTree = "<group>";
		};
		427EB75A2B91B64800AA748F /* LaunchScreen.storyboard */ = {
			isa = PBXVariantGroup;
			children = (
				427EB75B2B91B64800AA748F /* Base */,
			);
			name = LaunchScreen.storyboard;
			sourceTree = "<group>";
		};
/* End PBXVariantGroup section */

/* Begin XCBuildConfiguration section */
		427EB75E2B91B64800AA748F /* Debug */ = {
			isa = XCBuildConfiguration;
			buildSettings = {
				ALWAYS_SEARCH_USER_PATHS = NO;
				ASSETCATALOG_COMPILER_GENERATE_SWIFT_ASSET_SYMBOL_EXTENSIONS = YES;
				CLANG_ANALYZER_NONNULL = YES;
				CLANG_ANALYZER_NUMBER_OBJECT_CONVERSION = YES_AGGRESSIVE;
				CLANG_CXX_LANGUAGE_STANDARD = "gnu++20";
				CLANG_ENABLE_MODULES = YES;
				CLANG_ENABLE_OBJC_ARC = YES;
				CLANG_ENABLE_OBJC_WEAK = YES;
				CLANG_WARN_BLOCK_CAPTURE_AUTORELEASING = YES;
				CLANG_WARN_BOOL_CONVERSION = YES;
				CLANG_WARN_COMMA = YES;
				CLANG_WARN_CONSTANT_CONVERSION = YES;
				CLANG_WARN_DEPRECATED_OBJC_IMPLEMENTATIONS = YES;
				CLANG_WARN_DIRECT_OBJC_ISA_USAGE = YES_ERROR;
				CLANG_WARN_DOCUMENTATION_COMMENTS = YES;
				CLANG_WARN_EMPTY_BODY = YES;
				CLANG_WARN_ENUM_CONVERSION = YES;
				CLANG_WARN_INFINITE_RECURSION = YES;
				CLANG_WARN_INT_CONVERSION = YES;
				CLANG_WARN_NON_LITERAL_NULL_CONVERSION = YES;
				CLANG_WARN_OBJC_IMPLICIT_RETAIN_SELF = YES;
				CLANG_WARN_OBJC_LITERAL_CONVERSION = YES;
				CLANG_WARN_OBJC_ROOT_CLASS = YES_ERROR;
				CLANG_WARN_QUOTED_INCLUDE_IN_FRAMEWORK_HEADER = YES;
				CLANG_WARN_RANGE_LOOP_ANALYSIS = YES;
				CLANG_WARN_STRICT_PROTOTYPES = YES;
				CLANG_WARN_SUSPICIOUS_MOVE = YES;
				CLANG_WARN_UNGUARDED_AVAILABILITY = YES_AGGRESSIVE;
				CLANG_WARN_UNREACHABLE_CODE = YES;
				CLANG_WARN__DUPLICATE_METHOD_MATCH = YES;
				COPY_PHASE_STRIP = NO;
				DEBUG_INFORMATION_FORMAT = dwarf;
				ENABLE_STRICT_OBJC_MSGSEND = YES;
				ENABLE_TESTABILITY = YES;
				ENABLE_USER_SCRIPT_SANDBOXING = YES;
				GCC_C_LANGUAGE_STANDARD = gnu17;
				GCC_DYNAMIC_NO_PIC = NO;
				GCC_NO_COMMON_BLOCKS = YES;
				GCC_OPTIMIZATION_LEVEL = 0;
				GCC_PREPROCESSOR_DEFINITIONS = (
					"DEBUG=1",
					"$(inherited)",
				);
				GCC_WARN_64_TO_32_BIT_CONVERSION = YES;
				GCC_WARN_ABOUT_RETURN_TYPE = YES_ERROR;
				GCC_WARN_UNDECLARED_SELECTOR = YES;
				GCC_WARN_UNINITIALIZED_AUTOS = YES_AGGRESSIVE;
				GCC_WARN_UNUSED_FUNCTION = YES;
				GCC_WARN_UNUSED_VARIABLE = YES;
				IPHONEOS_DEPLOYMENT_TARGET = 17.2;
				LOCALIZATION_PREFERS_STRING_CATALOGS = YES;
				MTL_ENABLE_DEBUG_INFO = INCLUDE_SOURCE;
				MTL_FAST_MATH = YES;
				ONLY_ACTIVE_ARCH = YES;
				SDKROOT = iphoneos;
				SWIFT_ACTIVE_COMPILATION_CONDITIONS = "DEBUG $(inherited)";
				SWIFT_OPTIMIZATION_LEVEL = "-Onone";
			};
			name = Debug;
		};
		427EB75F2B91B64800AA748F /* Release */ = {
			isa = XCBuildConfiguration;
			buildSettings = {
				ALWAYS_SEARCH_USER_PATHS = NO;
				ASSETCATALOG_COMPILER_GENERATE_SWIFT_ASSET_SYMBOL_EXTENSIONS = YES;
				CLANG_ANALYZER_NONNULL = YES;
				CLANG_ANALYZER_NUMBER_OBJECT_CONVERSION = YES_AGGRESSIVE;
				CLANG_CXX_LANGUAGE_STANDARD = "gnu++20";
				CLANG_ENABLE_MODULES = YES;
				CLANG_ENABLE_OBJC_ARC = YES;
				CLANG_ENABLE_OBJC_WEAK = YES;
				CLANG_WARN_BLOCK_CAPTURE_AUTORELEASING = YES;
				CLANG_WARN_BOOL_CONVERSION = YES;
				CLANG_WARN_COMMA = YES;
				CLANG_WARN_CONSTANT_CONVERSION = YES;
				CLANG_WARN_DEPRECATED_OBJC_IMPLEMENTATIONS = YES;
				CLANG_WARN_DIRECT_OBJC_ISA_USAGE = YES_ERROR;
				CLANG_WARN_DOCUMENTATION_COMMENTS = YES;
				CLANG_WARN_EMPTY_BODY = YES;
				CLANG_WARN_ENUM_CONVERSION = YES;
				CLANG_WARN_INFINITE_RECURSION = YES;
				CLANG_WARN_INT_CONVERSION = YES;
				CLANG_WARN_NON_LITERAL_NULL_CONVERSION = YES;
				CLANG_WARN_OBJC_IMPLICIT_RETAIN_SELF = YES;
				CLANG_WARN_OBJC_LITERAL_CONVERSION = YES;
				CLANG_WARN_OBJC_ROOT_CLASS = YES_ERROR;
				CLANG_WARN_QUOTED_INCLUDE_IN_FRAMEWORK_HEADER = YES;
				CLANG_WARN_RANGE_LOOP_ANALYSIS = YES;
				CLANG_WARN_STRICT_PROTOTYPES = YES;
				CLANG_WARN_SUSPICIOUS_MOVE = YES;
				CLANG_WARN_UNGUARDED_AVAILABILITY = YES_AGGRESSIVE;
				CLANG_WARN_UNREACHABLE_CODE = YES;
				CLANG_WARN__DUPLICATE_METHOD_MATCH = YES;
				COPY_PHASE_STRIP = NO;
				DEBUG_INFORMATION_FORMAT = "dwarf-with-dsym";
				ENABLE_NS_ASSERTIONS = NO;
				ENABLE_STRICT_OBJC_MSGSEND = YES;
				ENABLE_USER_SCRIPT_SANDBOXING = YES;
				GCC_C_LANGUAGE_STANDARD = gnu17;
				GCC_NO_COMMON_BLOCKS = YES;
				GCC_WARN_64_TO_32_BIT_CONVERSION = YES;
				GCC_WARN_ABOUT_RETURN_TYPE = YES_ERROR;
				GCC_WARN_UNDECLARED_SELECTOR = YES;
				GCC_WARN_UNINITIALIZED_AUTOS = YES_AGGRESSIVE;
				GCC_WARN_UNUSED_FUNCTION = YES;
				GCC_WARN_UNUSED_VARIABLE = YES;
				IPHONEOS_DEPLOYMENT_TARGET = 17.2;
				LOCALIZATION_PREFERS_STRING_CATALOGS = YES;
				MTL_ENABLE_DEBUG_INFO = NO;
				MTL_FAST_MATH = YES;
				SDKROOT = iphoneos;
				SWIFT_COMPILATION_MODE = wholemodule;
				VALIDATE_PRODUCT = YES;
			};
			name = Release;
		};
		427EB7612B91B64800AA748F /* Debug */ = {
			isa = XCBuildConfiguration;
			buildSettings = {
				ASSETCATALOG_COMPILER_APPICON_NAME = AppIcon;
				ASSETCATALOG_COMPILER_GLOBAL_ACCENT_COLOR_NAME = AccentColor;
				CODE_SIGN_STYLE = Automatic;
				CURRENT_PROJECT_VERSION = 1;
				DEVELOPMENT_TEAM = Y2Y34S7QM3;
				GENERATE_INFOPLIST_FILE = YES;
				INFOPLIST_FILE = TODO/Info.plist;
				INFOPLIST_KEY_UIApplicationSupportsIndirectInputEvents = YES;
				INFOPLIST_KEY_UILaunchStoryboardName = LaunchScreen;
				INFOPLIST_KEY_UIMainStoryboardFile = Main;
				INFOPLIST_KEY_UISupportedInterfaceOrientations_iPad = "UIInterfaceOrientationPortrait UIInterfaceOrientationPortraitUpsideDown UIInterfaceOrientationLandscapeLeft UIInterfaceOrientationLandscapeRight";
				INFOPLIST_KEY_UISupportedInterfaceOrientations_iPhone = "UIInterfaceOrientationPortrait UIInterfaceOrientationLandscapeLeft UIInterfaceOrientationLandscapeRight";
				LD_RUNPATH_SEARCH_PATHS = (
					"$(inherited)",
					"@executable_path/Frameworks",
				);
				MARKETING_VERSION = 1.0;
				PRODUCT_BUNDLE_IDENTIFIER = com.mrgsdev.TODOFireSwiftbook;
				PRODUCT_NAME = "$(TARGET_NAME)";
				SWIFT_EMIT_LOC_STRINGS = YES;
				SWIFT_VERSION = 5.0;
				TARGETED_DEVICE_FAMILY = "1,2";
			};
			name = Debug;
		};
		427EB7622B91B64800AA748F /* Release */ = {
			isa = XCBuildConfiguration;
			buildSettings = {
				ASSETCATALOG_COMPILER_APPICON_NAME = AppIcon;
				ASSETCATALOG_COMPILER_GLOBAL_ACCENT_COLOR_NAME = AccentColor;
				CODE_SIGN_STYLE = Automatic;
				CURRENT_PROJECT_VERSION = 1;
				DEVELOPMENT_TEAM = Y2Y34S7QM3;
				GENERATE_INFOPLIST_FILE = YES;
				INFOPLIST_FILE = TODO/Info.plist;
				INFOPLIST_KEY_UIApplicationSupportsIndirectInputEvents = YES;
				INFOPLIST_KEY_UILaunchStoryboardName = LaunchScreen;
				INFOPLIST_KEY_UIMainStoryboardFile = Main;
				INFOPLIST_KEY_UISupportedInterfaceOrientations_iPad = "UIInterfaceOrientationPortrait UIInterfaceOrientationPortraitUpsideDown UIInterfaceOrientationLandscapeLeft UIInterfaceOrientationLandscapeRight";
				INFOPLIST_KEY_UISupportedInterfaceOrientations_iPhone = "UIInterfaceOrientationPortrait UIInterfaceOrientationLandscapeLeft UIInterfaceOrientationLandscapeRight";
				LD_RUNPATH_SEARCH_PATHS = (
					"$(inherited)",
					"@executable_path/Frameworks",
				);
				MARKETING_VERSION = 1.0;
				PRODUCT_BUNDLE_IDENTIFIER = com.mrgsdev.TODOFireSwiftbook;
				PRODUCT_NAME = "$(TARGET_NAME)";
				SWIFT_EMIT_LOC_STRINGS = YES;
				SWIFT_VERSION = 5.0;
				TARGETED_DEVICE_FAMILY = "1,2";
			};
			name = Release;
		};
/* End XCBuildConfiguration section */

/* Begin XCConfigurationList section */
		427EB7472B91B64700AA748F /* Build configuration list for PBXProject "TODO" */ = {
			isa = XCConfigurationList;
			buildConfigurations = (
				427EB75E2B91B64800AA748F /* Debug */,
				427EB75F2B91B64800AA748F /* Release */,
			);
			defaultConfigurationIsVisible = 0;
			defaultConfigurationName = Release;
		};
		427EB7602B91B64800AA748F /* Build configuration list for PBXNativeTarget "TODO" */ = {
			isa = XCConfigurationList;
			buildConfigurations = (
				427EB7612B91B64800AA748F /* Debug */,
				427EB7622B91B64800AA748F /* Release */,
			);
			defaultConfigurationIsVisible = 0;
			defaultConfigurationName = Release;
		};
/* End XCConfigurationList section */

/* Begin XCRemoteSwiftPackageReference section */
		427EB7672B91BA6600AA748F /* XCRemoteSwiftPackageReference "firebase-ios-sdk" */ = {
			isa = XCRemoteSwiftPackageReference;
			repositoryURL = "https://github.com/firebase/firebase-ios-sdk";
			requirement = {
				kind = upToNextMajorVersion;
				minimumVersion = 10.21.0;
			};
		};
/* End XCRemoteSwiftPackageReference section */

/* Begin XCSwiftPackageProductDependency section */
		427EB7682B91BA6600AA748F /* FirebaseAnalytics */ = {
			isa = XCSwiftPackageProductDependency;
			package = 427EB7672B91BA6600AA748F /* XCRemoteSwiftPackageReference "firebase-ios-sdk" */;
			productName = FirebaseAnalytics;
		};
		427EB76A2B91BA6600AA748F /* FirebaseAnalyticsOnDeviceConversion */ = {
			isa = XCSwiftPackageProductDependency;
			package = 427EB7672B91BA6600AA748F /* XCRemoteSwiftPackageReference "firebase-ios-sdk" */;
			productName = FirebaseAnalyticsOnDeviceConversion;
		};
		427EB76C2B91BA6600AA748F /* FirebaseAnalyticsSwift */ = {
			isa = XCSwiftPackageProductDependency;
			package = 427EB7672B91BA6600AA748F /* XCRemoteSwiftPackageReference "firebase-ios-sdk" */;
			productName = FirebaseAnalyticsSwift;
		};
		427EB76E2B91BA6600AA748F /* FirebaseAnalyticsWithoutAdIdSupport */ = {
			isa = XCSwiftPackageProductDependency;
			package = 427EB7672B91BA6600AA748F /* XCRemoteSwiftPackageReference "firebase-ios-sdk" */;
			productName = FirebaseAnalyticsWithoutAdIdSupport;
		};
		427EB7702B91BA6600AA748F /* FirebaseAppCheck */ = {
			isa = XCSwiftPackageProductDependency;
			package = 427EB7672B91BA6600AA748F /* XCRemoteSwiftPackageReference "firebase-ios-sdk" */;
			productName = FirebaseAppCheck;
		};
		427EB7722B91BA6600AA748F /* FirebaseAppDistribution-Beta */ = {
			isa = XCSwiftPackageProductDependency;
			package = 427EB7672B91BA6600AA748F /* XCRemoteSwiftPackageReference "firebase-ios-sdk" */;
			productName = "FirebaseAppDistribution-Beta";
		};
		427EB7742B91BA6600AA748F /* FirebaseAuth */ = {
			isa = XCSwiftPackageProductDependency;
			package = 427EB7672B91BA6600AA748F /* XCRemoteSwiftPackageReference "firebase-ios-sdk" */;
			productName = FirebaseAuth;
		};
		427EB7762B91BA6600AA748F /* FirebaseAuthCombine-Community */ = {
			isa = XCSwiftPackageProductDependency;
			package = 427EB7672B91BA6600AA748F /* XCRemoteSwiftPackageReference "firebase-ios-sdk" */;
			productName = "FirebaseAuthCombine-Community";
		};
		427EB7782B91BA6600AA748F /* FirebaseCrashlytics */ = {
			isa = XCSwiftPackageProductDependency;
			package = 427EB7672B91BA6600AA748F /* XCRemoteSwiftPackageReference "firebase-ios-sdk" */;
			productName = FirebaseCrashlytics;
		};
		427EB77A2B91BA6600AA748F /* FirebaseDatabase */ = {
			isa = XCSwiftPackageProductDependency;
			package = 427EB7672B91BA6600AA748F /* XCRemoteSwiftPackageReference "firebase-ios-sdk" */;
			productName = FirebaseDatabase;
		};
		427EB77C2B91BA6600AA748F /* FirebaseDatabaseSwift */ = {
			isa = XCSwiftPackageProductDependency;
			package = 427EB7672B91BA6600AA748F /* XCRemoteSwiftPackageReference "firebase-ios-sdk" */;
			productName = FirebaseDatabaseSwift;
		};
		427EB77E2B91BA6600AA748F /* FirebaseDynamicLinks */ = {
			isa = XCSwiftPackageProductDependency;
			package = 427EB7672B91BA6600AA748F /* XCRemoteSwiftPackageReference "firebase-ios-sdk" */;
			productName = FirebaseDynamicLinks;
		};
		427EB7802B91BA6600AA748F /* FirebaseFirestore */ = {
			isa = XCSwiftPackageProductDependency;
			package = 427EB7672B91BA6600AA748F /* XCRemoteSwiftPackageReference "firebase-ios-sdk" */;
			productName = FirebaseFirestore;
		};
		427EB7822B91BA6600AA748F /* FirebaseFirestoreCombine-Community */ = {
			isa = XCSwiftPackageProductDependency;
			package = 427EB7672B91BA6600AA748F /* XCRemoteSwiftPackageReference "firebase-ios-sdk" */;
			productName = "FirebaseFirestoreCombine-Community";
		};
		427EB7842B91BA6600AA748F /* FirebaseFirestoreSwift */ = {
			isa = XCSwiftPackageProductDependency;
			package = 427EB7672B91BA6600AA748F /* XCRemoteSwiftPackageReference "firebase-ios-sdk" */;
			productName = FirebaseFirestoreSwift;
		};
		427EB7862B91BA6600AA748F /* FirebaseFunctions */ = {
			isa = XCSwiftPackageProductDependency;
			package = 427EB7672B91BA6600AA748F /* XCRemoteSwiftPackageReference "firebase-ios-sdk" */;
			productName = FirebaseFunctions;
		};
		427EB7882B91BA6600AA748F /* FirebaseFunctionsCombine-Community */ = {
			isa = XCSwiftPackageProductDependency;
			package = 427EB7672B91BA6600AA748F /* XCRemoteSwiftPackageReference "firebase-ios-sdk" */;
			productName = "FirebaseFunctionsCombine-Community";
		};
		427EB78A2B91BA6600AA748F /* FirebaseInAppMessaging-Beta */ = {
			isa = XCSwiftPackageProductDependency;
			package = 427EB7672B91BA6600AA748F /* XCRemoteSwiftPackageReference "firebase-ios-sdk" */;
			productName = "FirebaseInAppMessaging-Beta";
		};
		427EB78C2B91BA6600AA748F /* FirebaseInAppMessagingSwift-Beta */ = {
			isa = XCSwiftPackageProductDependency;
			package = 427EB7672B91BA6600AA748F /* XCRemoteSwiftPackageReference "firebase-ios-sdk" */;
			productName = "FirebaseInAppMessagingSwift-Beta";
		};
		427EB78E2B91BA6600AA748F /* FirebaseInstallations */ = {
			isa = XCSwiftPackageProductDependency;
			package = 427EB7672B91BA6600AA748F /* XCRemoteSwiftPackageReference "firebase-ios-sdk" */;
			productName = FirebaseInstallations;
		};
		427EB7902B91BA6600AA748F /* FirebaseMLModelDownloader */ = {
			isa = XCSwiftPackageProductDependency;
			package = 427EB7672B91BA6600AA748F /* XCRemoteSwiftPackageReference "firebase-ios-sdk" */;
			productName = FirebaseMLModelDownloader;
		};
		427EB7922B91BA6600AA748F /* FirebaseMessaging */ = {
			isa = XCSwiftPackageProductDependency;
			package = 427EB7672B91BA6600AA748F /* XCRemoteSwiftPackageReference "firebase-ios-sdk" */;
			productName = FirebaseMessaging;
		};
		427EB7942B91BA6600AA748F /* FirebasePerformance */ = {
			isa = XCSwiftPackageProductDependency;
			package = 427EB7672B91BA6600AA748F /* XCRemoteSwiftPackageReference "firebase-ios-sdk" */;
			productName = FirebasePerformance;
		};
		427EB7962B91BA6600AA748F /* FirebaseRemoteConfig */ = {
			isa = XCSwiftPackageProductDependency;
			package = 427EB7672B91BA6600AA748F /* XCRemoteSwiftPackageReference "firebase-ios-sdk" */;
			productName = FirebaseRemoteConfig;
		};
		427EB7982B91BA6600AA748F /* FirebaseRemoteConfigSwift */ = {
			isa = XCSwiftPackageProductDependency;
			package = 427EB7672B91BA6600AA748F /* XCRemoteSwiftPackageReference "firebase-ios-sdk" */;
			productName = FirebaseRemoteConfigSwift;
		};
		427EB79A2B91BA6600AA748F /* FirebaseStorage */ = {
			isa = XCSwiftPackageProductDependency;
			package = 427EB7672B91BA6600AA748F /* XCRemoteSwiftPackageReference "firebase-ios-sdk" */;
			productName = FirebaseStorage;
		};
		427EB79C2B91BA6600AA748F /* FirebaseStorageCombine-Community */ = {
			isa = XCSwiftPackageProductDependency;
			package = 427EB7672B91BA6600AA748F /* XCRemoteSwiftPackageReference "firebase-ios-sdk" */;
			productName = "FirebaseStorageCombine-Community";
		};
/* End XCSwiftPackageProductDependency section */
	};
	rootObject = 427EB7442B91B64700AA748F /* Project object */;
}
