// !$*UTF8*$!
{
	archiveVersion = 1;
	classes = {
	};
	objectVersion = 56;
	objects = {

/* Begin PBXBuildFile section */
		4212DD132BB0321200D26343 /* GradientView.swift in Sources */ = {isa = PBXBuildFile; fileRef = 4212DD122BB0321200D26343 /* GradientView.swift */; };
		4212DD152BB032F300D26343 /* WaitingChatCell.swift in Sources */ = {isa = PBXBuildFile; fileRef = 4212DD142BB032F300D26343 /* WaitingChatCell.swift */; };
		4212DD1B2BB0341200D26343 /* SelfConfiguringCell.swift in Sources */ = {isa = PBXBuildFile; fileRef = 4212DD1A2BB0341200D26343 /* SelfConfiguringCell.swift */; };
		4212DD1E2BB0345600D26343 /* SectionHeader.swift in Sources */ = {isa = PBXBuildFile; fileRef = 4212DD1D2BB0345600D26343 /* SectionHeader.swift */; };
		4241518E2BAC29E7001DA576 /* SetupProfileViewController.swift in Sources */ = {isa = PBXBuildFile; fileRef = 4241518D2BAC29E7001DA576 /* SetupProfileViewController.swift */; };
		424151902BAC2A11001DA576 /* AddPhotoView.swift in Sources */ = {isa = PBXBuildFile; fileRef = 4241518F2BAC2A11001DA576 /* AddPhotoView.swift */; };
		424151922BAC2B09001DA576 /* UISegmentedControl+Ext.swift in Sources */ = {isa = PBXBuildFile; fileRef = 424151912BAC2B09001DA576 /* UISegmentedControl+Ext.swift */; };
		424EA8BD2BAAE33900988A09 /* AppDelegate.swift in Sources */ = {isa = PBXBuildFile; fileRef = 424EA8BC2BAAE33900988A09 /* AppDelegate.swift */; };
		424EA8BF2BAAE33900988A09 /* SceneDelegate.swift in Sources */ = {isa = PBXBuildFile; fileRef = 424EA8BE2BAAE33900988A09 /* SceneDelegate.swift */; };
		424EA8C12BAAE33900988A09 /* AuthViewController.swift in Sources */ = {isa = PBXBuildFile; fileRef = 424EA8C02BAAE33900988A09 /* AuthViewController.swift */; };
		424EA8C62BAAE33A00988A09 /* Assets.xcassets in Resources */ = {isa = PBXBuildFile; fileRef = 424EA8C52BAAE33A00988A09 /* Assets.xcassets */; };
		424EA8C92BAAE33A00988A09 /* Base in Resources */ = {isa = PBXBuildFile; fileRef = 424EA8C82BAAE33A00988A09 /* Base */; };
		424EA8D12BAAE5C100988A09 /* UIButton+Ext.swift in Sources */ = {isa = PBXBuildFile; fileRef = 424EA8D02BAAE5C100988A09 /* UIButton+Ext.swift */; };
		424EA8D32BAAE70A00988A09 /* UIFont+Ext.swift in Sources */ = {isa = PBXBuildFile; fileRef = 424EA8D22BAAE70A00988A09 /* UIFont+Ext.swift */; };
		424EA8D52BAAE7CC00988A09 /* UIColor+Ext.swift in Sources */ = {isa = PBXBuildFile; fileRef = 424EA8D42BAAE7CC00988A09 /* UIColor+Ext.swift */; };
		424EA8D72BAAE96D00988A09 /* UILabel+Ext.swift in Sources */ = {isa = PBXBuildFile; fileRef = 424EA8D62BAAE96D00988A09 /* UILabel+Ext.swift */; };
		424EA8D92BAAE9F500988A09 /* UIImageView+Ext.swift in Sources */ = {isa = PBXBuildFile; fileRef = 424EA8D82BAAE9F500988A09 /* UIImageView+Ext.swift */; };
		424EA8DD2BAAEDC800988A09 /* ButtonFormView.swift in Sources */ = {isa = PBXBuildFile; fileRef = 424EA8DC2BAAEDC800988A09 /* ButtonFormView.swift */; };
		424EA8DF2BAAF06600988A09 /* UIStackView+Ext.swift in Sources */ = {isa = PBXBuildFile; fileRef = 424EA8DE2BAAF06600988A09 /* UIStackView+Ext.swift */; };
		424EA8E12BAAF25400988A09 /* SignUpViewController.swift in Sources */ = {isa = PBXBuildFile; fileRef = 424EA8E02BAAF25400988A09 /* SignUpViewController.swift */; };
		424EA8E32BAAF3BA00988A09 /* OneLineTextField.swift in Sources */ = {isa = PBXBuildFile; fileRef = 424EA8E22BAAF3BA00988A09 /* OneLineTextField.swift */; };
		424EA8E52BAB282700988A09 /* LoginViewController.swift in Sources */ = {isa = PBXBuildFile; fileRef = 424EA8E42BAB282700988A09 /* LoginViewController.swift */; };
		426299452BB16EA000D7E26B /* MUser.swift in Sources */ = {isa = PBXBuildFile; fileRef = 426299442BB16EA000D7E26B /* MUser.swift */; };
		426299472BB16F0300D7E26B /* users.json in Resources */ = {isa = PBXBuildFile; fileRef = 426299462BB16F0300D7E26B /* users.json */; };
		4298B6E32BAD77A600A094FC /* MainTabBarController.swift in Sources */ = {isa = PBXBuildFile; fileRef = 4298B6E22BAD77A600A094FC /* MainTabBarController.swift */; };
		4298B6E72BAD782900A094FC /* ListViewController.swift in Sources */ = {isa = PBXBuildFile; fileRef = 4298B6E62BAD782900A094FC /* ListViewController.swift */; };
		4298B6EA2BAD789900A094FC /* PeopleViewController.swift in Sources */ = {isa = PBXBuildFile; fileRef = 4298B6E92BAD789900A094FC /* PeopleViewController.swift */; };
		42BBBAD92BAE85FD00F0A580 /* Bundle-Decodable.swift in Sources */ = {isa = PBXBuildFile; fileRef = 42BBBAD82BAE85FD00F0A580 /* Bundle-Decodable.swift */; };
		42BBBADC2BAE861100F0A580 /* activeChats.json in Resources */ = {isa = PBXBuildFile; fileRef = 42BBBADA2BAE861100F0A580 /* activeChats.json */; };
		42BBBADD2BAE861100F0A580 /* waitingChats.json in Resources */ = {isa = PBXBuildFile; fileRef = 42BBBADB2BAE861100F0A580 /* waitingChats.json */; };
		42BBBAE22BAE86C700F0A580 /* ActiveChatCell.swift in Sources */ = {isa = PBXBuildFile; fileRef = 42BBBAE12BAE86C700F0A580 /* ActiveChatCell.swift */; };
/* End PBXBuildFile section */

/* Begin PBXFileReference section */
		4212DD122BB0321200D26343 /* GradientView.swift */ = {isa = PBXFileReference; lastKnownFileType = sourcecode.swift; path = GradientView.swift; sourceTree = "<group>"; };
		4212DD142BB032F300D26343 /* WaitingChatCell.swift */ = {isa = PBXFileReference; lastKnownFileType = sourcecode.swift; path = WaitingChatCell.swift; sourceTree = "<group>"; };
		4212DD1A2BB0341200D26343 /* SelfConfiguringCell.swift */ = {isa = PBXFileReference; lastKnownFileType = sourcecode.swift; path = SelfConfiguringCell.swift; sourceTree = "<group>"; };
		4212DD1D2BB0345600D26343 /* SectionHeader.swift */ = {isa = PBXFileReference; lastKnownFileType = sourcecode.swift; path = SectionHeader.swift; sourceTree = "<group>"; };
		4241518D2BAC29E7001DA576 /* SetupProfileViewController.swift */ = {isa = PBXFileReference; lastKnownFileType = sourcecode.swift; path = SetupProfileViewController.swift; sourceTree = "<group>"; };
		4241518F2BAC2A11001DA576 /* AddPhotoView.swift */ = {isa = PBXFileReference; lastKnownFileType = sourcecode.swift; path = AddPhotoView.swift; sourceTree = "<group>"; };
		424151912BAC2B09001DA576 /* UISegmentedControl+Ext.swift */ = {isa = PBXFileReference; lastKnownFileType = sourcecode.swift; path = "UISegmentedControl+Ext.swift"; sourceTree = "<group>"; };
		424EA8B92BAAE33900988A09 /* ChatApp.app */ = {isa = PBXFileReference; explicitFileType = wrapper.application; includeInIndex = 0; path = ChatApp.app; sourceTree = BUILT_PRODUCTS_DIR; };
		424EA8BC2BAAE33900988A09 /* AppDelegate.swift */ = {isa = PBXFileReference; lastKnownFileType = sourcecode.swift; path = AppDelegate.swift; sourceTree = "<group>"; };
		424EA8BE2BAAE33900988A09 /* SceneDelegate.swift */ = {isa = PBXFileReference; lastKnownFileType = sourcecode.swift; path = SceneDelegate.swift; sourceTree = "<group>"; };
		424EA8C02BAAE33900988A09 /* AuthViewController.swift */ = {isa = PBXFileReference; lastKnownFileType = sourcecode.swift; path = AuthViewController.swift; sourceTree = "<group>"; };
		424EA8C52BAAE33A00988A09 /* Assets.xcassets */ = {isa = PBXFileReference; lastKnownFileType = folder.assetcatalog; path = Assets.xcassets; sourceTree = "<group>"; };
		424EA8C82BAAE33A00988A09 /* Base */ = {isa = PBXFileReference; lastKnownFileType = file.storyboard; name = Base; path = Base.lproj/LaunchScreen.storyboard; sourceTree = "<group>"; };
		424EA8CA2BAAE33A00988A09 /* Info.plist */ = {isa = PBXFileReference; lastKnownFileType = text.plist.xml; path = Info.plist; sourceTree = "<group>"; };
		424EA8D02BAAE5C100988A09 /* UIButton+Ext.swift */ = {isa = PBXFileReference; lastKnownFileType = sourcecode.swift; path = "UIButton+Ext.swift"; sourceTree = "<group>"; };
		424EA8D22BAAE70A00988A09 /* UIFont+Ext.swift */ = {isa = PBXFileReference; lastKnownFileType = sourcecode.swift; path = "UIFont+Ext.swift"; sourceTree = "<group>"; };
		424EA8D42BAAE7CC00988A09 /* UIColor+Ext.swift */ = {isa = PBXFileReference; lastKnownFileType = sourcecode.swift; path = "UIColor+Ext.swift"; sourceTree = "<group>"; };
		424EA8D62BAAE96D00988A09 /* UILabel+Ext.swift */ = {isa = PBXFileReference; lastKnownFileType = sourcecode.swift; path = "UILabel+Ext.swift"; sourceTree = "<group>"; };
		424EA8D82BAAE9F500988A09 /* UIImageView+Ext.swift */ = {isa = PBXFileReference; lastKnownFileType = sourcecode.swift; path = "UIImageView+Ext.swift"; sourceTree = "<group>"; };
		424EA8DC2BAAEDC800988A09 /* ButtonFormView.swift */ = {isa = PBXFileReference; lastKnownFileType = sourcecode.swift; path = ButtonFormView.swift; sourceTree = "<group>"; };
		424EA8DE2BAAF06600988A09 /* UIStackView+Ext.swift */ = {isa = PBXFileReference; lastKnownFileType = sourcecode.swift; path = "UIStackView+Ext.swift"; sourceTree = "<group>"; };
		424EA8E02BAAF25400988A09 /* SignUpViewController.swift */ = {isa = PBXFileReference; lastKnownFileType = sourcecode.swift; path = SignUpViewController.swift; sourceTree = "<group>"; };
		424EA8E22BAAF3BA00988A09 /* OneLineTextField.swift */ = {isa = PBXFileReference; lastKnownFileType = sourcecode.swift; path = OneLineTextField.swift; sourceTree = "<group>"; };
		424EA8E42BAB282700988A09 /* LoginViewController.swift */ = {isa = PBXFileReference; lastKnownFileType = sourcecode.swift; path = LoginViewController.swift; sourceTree = "<group>"; };
		426299442BB16EA000D7E26B /* MUser.swift */ = {isa = PBXFileReference; lastKnownFileType = sourcecode.swift; path = MUser.swift; sourceTree = "<group>"; };
		426299462BB16F0300D7E26B /* users.json */ = {isa = PBXFileReference; fileEncoding = 4; lastKnownFileType = text.json; path = users.json; sourceTree = "<group>"; };
		4298B6E22BAD77A600A094FC /* MainTabBarController.swift */ = {isa = PBXFileReference; lastKnownFileType = sourcecode.swift; path = MainTabBarController.swift; sourceTree = "<group>"; };
		4298B6E62BAD782900A094FC /* ListViewController.swift */ = {isa = PBXFileReference; lastKnownFileType = sourcecode.swift; path = ListViewController.swift; sourceTree = "<group>"; };
		4298B6E92BAD789900A094FC /* PeopleViewController.swift */ = {isa = PBXFileReference; lastKnownFileType = sourcecode.swift; path = PeopleViewController.swift; sourceTree = "<group>"; };
		42BBBAD82BAE85FD00F0A580 /* Bundle-Decodable.swift */ = {isa = PBXFileReference; lastKnownFileType = sourcecode.swift; path = "Bundle-Decodable.swift"; sourceTree = "<group>"; };
		42BBBADA2BAE861100F0A580 /* activeChats.json */ = {isa = PBXFileReference; fileEncoding = 4; lastKnownFileType = text.json; path = activeChats.json; sourceTree = "<group>"; };
		42BBBADB2BAE861100F0A580 /* waitingChats.json */ = {isa = PBXFileReference; fileEncoding = 4; lastKnownFileType = text.json; path = waitingChats.json; sourceTree = "<group>"; };
		42BBBAE12BAE86C700F0A580 /* ActiveChatCell.swift */ = {isa = PBXFileReference; lastKnownFileType = sourcecode.swift; path = ActiveChatCell.swift; sourceTree = "<group>"; };
/* End PBXFileReference section */

/* Begin PBXFrameworksBuildPhase section */
		424EA8B62BAAE33900988A09 /* Frameworks */ = {
			isa = PBXFrameworksBuildPhase;
			buildActionMask = 2147483647;
			files = (
			);
			runOnlyForDeploymentPostprocessing = 0;
		};
/* End PBXFrameworksBuildPhase section */

/* Begin PBXGroup section */
		4212DD1C2BB0342700D26343 /* Protocols */ = {
			isa = PBXGroup;
			children = (
				4212DD1A2BB0341200D26343 /* SelfConfiguringCell.swift */,
			);
			path = Protocols;
			sourceTree = "<group>";
		};
		424EA8B02BAAE33900988A09 = {
			isa = PBXGroup;
			children = (
				424EA8BB2BAAE33900988A09 /* ChatApp */,
				424EA8BA2BAAE33900988A09 /* Products */,
			);
			sourceTree = "<group>";
		};
		424EA8BA2BAAE33900988A09 /* Products */ = {
			isa = PBXGroup;
			children = (
				424EA8B92BAAE33900988A09 /* ChatApp.app */,
			);
			name = Products;
			sourceTree = "<group>";
		};
		424EA8BB2BAAE33900988A09 /* ChatApp */ = {
			isa = PBXGroup;
			children = (
				426299462BB16F0300D7E26B /* users.json */,
				426299442BB16EA000D7E26B /* MUser.swift */,
				4298B6E82BAD782E00A094FC /* Application */,
				4212DD1C2BB0342700D26343 /* Protocols */,
				4298B6E52BAD781A00A094FC /* Controllers */,
				424EA8DB2BAAEBC200988A09 /* Extensions */,
				4298B6E42BAD77BE00A094FC /* SignUp&Auth */,
				424EA8C52BAAE33A00988A09 /* Assets.xcassets */,
				424EA8C72BAAE33A00988A09 /* LaunchScreen.storyboard */,
				424EA8CA2BAAE33A00988A09 /* Info.plist */,
			);
			path = ChatApp;
			sourceTree = "<group>";
		};
		424EA8DA2BAAEBB600988A09 /* UIKit */ = {
			isa = PBXGroup;
			children = (
				4241518F2BAC2A11001DA576 /* AddPhotoView.swift */,
				424151912BAC2B09001DA576 /* UISegmentedControl+Ext.swift */,
				424EA8E22BAAF3BA00988A09 /* OneLineTextField.swift */,
				424EA8DC2BAAEDC800988A09 /* ButtonFormView.swift */,
				424EA8DE2BAAF06600988A09 /* UIStackView+Ext.swift */,
				424EA8D82BAAE9F500988A09 /* UIImageView+Ext.swift */,
				424EA8D62BAAE96D00988A09 /* UILabel+Ext.swift */,
				424EA8D42BAAE7CC00988A09 /* UIColor+Ext.swift */,
				424EA8D22BAAE70A00988A09 /* UIFont+Ext.swift */,
				424EA8D02BAAE5C100988A09 /* UIButton+Ext.swift */,
				42BBBAD82BAE85FD00F0A580 /* Bundle-Decodable.swift */,
			);
			path = UIKit;
			sourceTree = "<group>";
		};
		424EA8DB2BAAEBC200988A09 /* Extensions */ = {
			isa = PBXGroup;
			children = (
				42BBBADE2BAE861A00F0A580 /* JSON FakeData */,
				424EA8DA2BAAEBB600988A09 /* UIKit */,
				4212DD122BB0321200D26343 /* GradientView.swift */,
			);
			path = Extensions;
			sourceTree = "<group>";
		};
		4298B6E42BAD77BE00A094FC /* SignUp&Auth */ = {
			isa = PBXGroup;
			children = (
				424EA8C02BAAE33900988A09 /* AuthViewController.swift */,
				424EA8E02BAAF25400988A09 /* SignUpViewController.swift */,
				424EA8E42BAB282700988A09 /* LoginViewController.swift */,
				4241518D2BAC29E7001DA576 /* SetupProfileViewController.swift */,
			);
			path = "SignUp&Auth";
			sourceTree = "<group>";
		};
		4298B6E52BAD781A00A094FC /* Controllers */ = {
			isa = PBXGroup;
			children = (
				4298B6E22BAD77A600A094FC /* MainTabBarController.swift */,
				4298B6E92BAD789900A094FC /* PeopleViewController.swift */,
				4298B6E62BAD782900A094FC /* ListViewController.swift */,
				42BBBAE12BAE86C700F0A580 /* ActiveChatCell.swift */,
				4212DD142BB032F300D26343 /* WaitingChatCell.swift */,
				4212DD1D2BB0345600D26343 /* SectionHeader.swift */,
			);
			path = Controllers;
			sourceTree = "<group>";
		};
		4298B6E82BAD782E00A094FC /* Application */ = {
			isa = PBXGroup;
			children = (
				424EA8BC2BAAE33900988A09 /* AppDelegate.swift */,
				424EA8BE2BAAE33900988A09 /* SceneDelegate.swift */,
			);
			path = Application;
			sourceTree = "<group>";
		};
		42BBBADE2BAE861A00F0A580 /* JSON FakeData */ = {
			isa = PBXGroup;
			children = (
				42BBBADA2BAE861100F0A580 /* activeChats.json */,
				42BBBADB2BAE861100F0A580 /* waitingChats.json */,
			);
			path = "JSON FakeData";
			sourceTree = "<group>";
		};
/* End PBXGroup section */

/* Begin PBXNativeTarget section */
		424EA8B82BAAE33900988A09 /* ChatApp */ = {
			isa = PBXNativeTarget;
			buildConfigurationList = 424EA8CD2BAAE33A00988A09 /* Build configuration list for PBXNativeTarget "ChatApp" */;
			buildPhases = (
				424EA8B52BAAE33900988A09 /* Sources */,
				424EA8B62BAAE33900988A09 /* Frameworks */,
				424EA8B72BAAE33900988A09 /* Resources */,
			);
			buildRules = (
			);
			dependencies = (
			);
			name = ChatApp;
			productName = ChatApp;
			productReference = 424EA8B92BAAE33900988A09 /* ChatApp.app */;
			productType = "com.apple.product-type.application";
		};
/* End PBXNativeTarget section */

/* Begin PBXProject section */
		424EA8B12BAAE33900988A09 /* Project object */ = {
			isa = PBXProject;
			attributes = {
				BuildIndependentTargetsInParallel = 1;
				LastSwiftUpdateCheck = 1530;
				LastUpgradeCheck = 1530;
				TargetAttributes = {
					424EA8B82BAAE33900988A09 = {
						CreatedOnToolsVersion = 15.3;
					};
				};
			};
			buildConfigurationList = 424EA8B42BAAE33900988A09 /* Build configuration list for PBXProject "ChatApp" */;
			compatibilityVersion = "Xcode 14.0";
			developmentRegion = en;
			hasScannedForEncodings = 0;
			knownRegions = (
				en,
				Base,
			);
			mainGroup = 424EA8B02BAAE33900988A09;
			productRefGroup = 424EA8BA2BAAE33900988A09 /* Products */;
			projectDirPath = "";
			projectRoot = "";
			targets = (
				424EA8B82BAAE33900988A09 /* ChatApp */,
			);
		};
/* End PBXProject section */

/* Begin PBXResourcesBuildPhase section */
		424EA8B72BAAE33900988A09 /* Resources */ = {
			isa = PBXResourcesBuildPhase;
			buildActionMask = 2147483647;
			files = (
				426299472BB16F0300D7E26B /* users.json in Resources */,
				424EA8C62BAAE33A00988A09 /* Assets.xcassets in Resources */,
				42BBBADC2BAE861100F0A580 /* activeChats.json in Resources */,
				424EA8C92BAAE33A00988A09 /* Base in Resources */,
				42BBBADD2BAE861100F0A580 /* waitingChats.json in Resources */,
			);
			runOnlyForDeploymentPostprocessing = 0;
		};
/* End PBXResourcesBuildPhase section */

/* Begin PBXSourcesBuildPhase section */
		424EA8B52BAAE33900988A09 /* Sources */ = {
			isa = PBXSourcesBuildPhase;
			buildActionMask = 2147483647;
			files = (
				424EA8E32BAAF3BA00988A09 /* OneLineTextField.swift in Sources */,
				424EA8E12BAAF25400988A09 /* SignUpViewController.swift in Sources */,
				4212DD1E2BB0345600D26343 /* SectionHeader.swift in Sources */,
				4212DD132BB0321200D26343 /* GradientView.swift in Sources */,
				424EA8D92BAAE9F500988A09 /* UIImageView+Ext.swift in Sources */,
				424EA8DF2BAAF06600988A09 /* UIStackView+Ext.swift in Sources */,
				426299452BB16EA000D7E26B /* MUser.swift in Sources */,
				42BBBAE22BAE86C700F0A580 /* ActiveChatCell.swift in Sources */,
				4241518E2BAC29E7001DA576 /* SetupProfileViewController.swift in Sources */,
				4298B6EA2BAD789900A094FC /* PeopleViewController.swift in Sources */,
				424EA8C12BAAE33900988A09 /* AuthViewController.swift in Sources */,
				42BBBAD92BAE85FD00F0A580 /* Bundle-Decodable.swift in Sources */,
				424EA8BD2BAAE33900988A09 /* AppDelegate.swift in Sources */,
				424151902BAC2A11001DA576 /* AddPhotoView.swift in Sources */,
				424EA8DD2BAAEDC800988A09 /* ButtonFormView.swift in Sources */,
				4298B6E32BAD77A600A094FC /* MainTabBarController.swift in Sources */,
				424EA8BF2BAAE33900988A09 /* SceneDelegate.swift in Sources */,
				424151922BAC2B09001DA576 /* UISegmentedControl+Ext.swift in Sources */,
				424EA8D52BAAE7CC00988A09 /* UIColor+Ext.swift in Sources */,
				4212DD1B2BB0341200D26343 /* SelfConfiguringCell.swift in Sources */,
				4212DD152BB032F300D26343 /* WaitingChatCell.swift in Sources */,
				424EA8D12BAAE5C100988A09 /* UIButton+Ext.swift in Sources */,
				4298B6E72BAD782900A094FC /* ListViewController.swift in Sources */,
				424EA8D32BAAE70A00988A09 /* UIFont+Ext.swift in Sources */,
				424EA8E52BAB282700988A09 /* LoginViewController.swift in Sources */,
				424EA8D72BAAE96D00988A09 /* UILabel+Ext.swift in Sources */,
			);
			runOnlyForDeploymentPostprocessing = 0;
		};
/* End PBXSourcesBuildPhase section */

/* Begin PBXVariantGroup section */
		424EA8C72BAAE33A00988A09 /* LaunchScreen.storyboard */ = {
			isa = PBXVariantGroup;
			children = (
				424EA8C82BAAE33A00988A09 /* Base */,
			);
			name = LaunchScreen.storyboard;
			sourceTree = "<group>";
		};
/* End PBXVariantGroup section */

/* Begin XCBuildConfiguration section */
		424EA8CB2BAAE33A00988A09 /* Debug */ = {
			isa = XCBuildConfiguration;
			buildSettings = {
				ALWAYS_SEARCH_USER_PATHS = NO;
				ASSETCATALOG_COMPILER_GENERATE_SWIFT_ASSET_SYMBOL_EXTENSIONS = YES;
				CLANG_ANALYZER_NONNULL = YES;
				CLANG_ANALYZER_NUMBER_OBJECT_CONVERSION = YES_AGGRESSIVE;
				CLANG_CXX_LANGUAGE_STANDARD = "gnu++20";
				CLANG_ENABLE_MODULES = YES;
				CLANG_ENABLE_OBJC_ARC = YES;
				CLANG_ENABLE_OBJC_WEAK = YES;
				CLANG_WARN_BLOCK_CAPTURE_AUTORELEASING = YES;
				CLANG_WARN_BOOL_CONVERSION = YES;
				CLANG_WARN_COMMA = YES;
				CLANG_WARN_CONSTANT_CONVERSION = YES;
				CLANG_WARN_DEPRECATED_OBJC_IMPLEMENTATIONS = YES;
				CLANG_WARN_DIRECT_OBJC_ISA_USAGE = YES_ERROR;
				CLANG_WARN_DOCUMENTATION_COMMENTS = YES;
				CLANG_WARN_EMPTY_BODY = YES;
				CLANG_WARN_ENUM_CONVERSION = YES;
				CLANG_WARN_INFINITE_RECURSION = YES;
				CLANG_WARN_INT_CONVERSION = YES;
				CLANG_WARN_NON_LITERAL_NULL_CONVERSION = YES;
				CLANG_WARN_OBJC_IMPLICIT_RETAIN_SELF = YES;
				CLANG_WARN_OBJC_LITERAL_CONVERSION = YES;
				CLANG_WARN_OBJC_ROOT_CLASS = YES_ERROR;
				CLANG_WARN_QUOTED_INCLUDE_IN_FRAMEWORK_HEADER = YES;
				CLANG_WARN_RANGE_LOOP_ANALYSIS = YES;
				CLANG_WARN_STRICT_PROTOTYPES = YES;
				CLANG_WARN_SUSPICIOUS_MOVE = YES;
				CLANG_WARN_UNGUARDED_AVAILABILITY = YES_AGGRESSIVE;
				CLANG_WARN_UNREACHABLE_CODE = YES;
				CLANG_WARN__DUPLICATE_METHOD_MATCH = YES;
				COPY_PHASE_STRIP = NO;
				DEBUG_INFORMATION_FORMAT = dwarf;
				ENABLE_STRICT_OBJC_MSGSEND = YES;
				ENABLE_TESTABILITY = YES;
				ENABLE_USER_SCRIPT_SANDBOXING = YES;
				GCC_C_LANGUAGE_STANDARD = gnu17;
				GCC_DYNAMIC_NO_PIC = NO;
				GCC_NO_COMMON_BLOCKS = YES;
				GCC_OPTIMIZATION_LEVEL = 0;
				GCC_PREPROCESSOR_DEFINITIONS = (
					"DEBUG=1",
					"$(inherited)",
				);
				GCC_WARN_64_TO_32_BIT_CONVERSION = YES;
				GCC_WARN_ABOUT_RETURN_TYPE = YES_ERROR;
				GCC_WARN_UNDECLARED_SELECTOR = YES;
				GCC_WARN_UNINITIALIZED_AUTOS = YES_AGGRESSIVE;
				GCC_WARN_UNUSED_FUNCTION = YES;
				GCC_WARN_UNUSED_VARIABLE = YES;
				IPHONEOS_DEPLOYMENT_TARGET = 17.4;
				LOCALIZATION_PREFERS_STRING_CATALOGS = YES;
				MTL_ENABLE_DEBUG_INFO = INCLUDE_SOURCE;
				MTL_FAST_MATH = YES;
				ONLY_ACTIVE_ARCH = YES;
				SDKROOT = iphoneos;
				SWIFT_ACTIVE_COMPILATION_CONDITIONS = "DEBUG $(inherited)";
				SWIFT_OPTIMIZATION_LEVEL = "-Onone";
			};
			name = Debug;
		};
		424EA8CC2BAAE33A00988A09 /* Release */ = {
			isa = XCBuildConfiguration;
			buildSettings = {
				ALWAYS_SEARCH_USER_PATHS = NO;
				ASSETCATALOG_COMPILER_GENERATE_SWIFT_ASSET_SYMBOL_EXTENSIONS = YES;
				CLANG_ANALYZER_NONNULL = YES;
				CLANG_ANALYZER_NUMBER_OBJECT_CONVERSION = YES_AGGRESSIVE;
				CLANG_CXX_LANGUAGE_STANDARD = "gnu++20";
				CLANG_ENABLE_MODULES = YES;
				CLANG_ENABLE_OBJC_ARC = YES;
				CLANG_ENABLE_OBJC_WEAK = YES;
				CLANG_WARN_BLOCK_CAPTURE_AUTORELEASING = YES;
				CLANG_WARN_BOOL_CONVERSION = YES;
				CLANG_WARN_COMMA = YES;
				CLANG_WARN_CONSTANT_CONVERSION = YES;
				CLANG_WARN_DEPRECATED_OBJC_IMPLEMENTATIONS = YES;
				CLANG_WARN_DIRECT_OBJC_ISA_USAGE = YES_ERROR;
				CLANG_WARN_DOCUMENTATION_COMMENTS = YES;
				CLANG_WARN_EMPTY_BODY = YES;
				CLANG_WARN_ENUM_CONVERSION = YES;
				CLANG_WARN_INFINITE_RECURSION = YES;
				CLANG_WARN_INT_CONVERSION = YES;
				CLANG_WARN_NON_LITERAL_NULL_CONVERSION = YES;
				CLANG_WARN_OBJC_IMPLICIT_RETAIN_SELF = YES;
				CLANG_WARN_OBJC_LITERAL_CONVERSION = YES;
				CLANG_WARN_OBJC_ROOT_CLASS = YES_ERROR;
				CLANG_WARN_QUOTED_INCLUDE_IN_FRAMEWORK_HEADER = YES;
				CLANG_WARN_RANGE_LOOP_ANALYSIS = YES;
				CLANG_WARN_STRICT_PROTOTYPES = YES;
				CLANG_WARN_SUSPICIOUS_MOVE = YES;
				CLANG_WARN_UNGUARDED_AVAILABILITY = YES_AGGRESSIVE;
				CLANG_WARN_UNREACHABLE_CODE = YES;
				CLANG_WARN__DUPLICATE_METHOD_MATCH = YES;
				COPY_PHASE_STRIP = NO;
				DEBUG_INFORMATION_FORMAT = "dwarf-with-dsym";
				ENABLE_NS_ASSERTIONS = NO;
				ENABLE_STRICT_OBJC_MSGSEND = YES;
				ENABLE_USER_SCRIPT_SANDBOXING = YES;
				GCC_C_LANGUAGE_STANDARD = gnu17;
				GCC_NO_COMMON_BLOCKS = YES;
				GCC_WARN_64_TO_32_BIT_CONVERSION = YES;
				GCC_WARN_ABOUT_RETURN_TYPE = YES_ERROR;
				GCC_WARN_UNDECLARED_SELECTOR = YES;
				GCC_WARN_UNINITIALIZED_AUTOS = YES_AGGRESSIVE;
				GCC_WARN_UNUSED_FUNCTION = YES;
				GCC_WARN_UNUSED_VARIABLE = YES;
				IPHONEOS_DEPLOYMENT_TARGET = 17.4;
				LOCALIZATION_PREFERS_STRING_CATALOGS = YES;
				MTL_ENABLE_DEBUG_INFO = NO;
				MTL_FAST_MATH = YES;
				SDKROOT = iphoneos;
				SWIFT_COMPILATION_MODE = wholemodule;
				VALIDATE_PRODUCT = YES;
			};
			name = Release;
		};
		424EA8CE2BAAE33A00988A09 /* Debug */ = {
			isa = XCBuildConfiguration;
			buildSettings = {
				ASSETCATALOG_COMPILER_APPICON_NAME = AppIcon;
				ASSETCATALOG_COMPILER_GLOBAL_ACCENT_COLOR_NAME = AccentColor;
				CODE_SIGN_STYLE = Automatic;
				CURRENT_PROJECT_VERSION = 1;
				DEVELOPMENT_TEAM = Y2Y34S7QM3;
				GENERATE_INFOPLIST_FILE = YES;
				INFOPLIST_FILE = ChatApp/Info.plist;
				INFOPLIST_KEY_UIApplicationSupportsIndirectInputEvents = YES;
				INFOPLIST_KEY_UILaunchStoryboardName = LaunchScreen;
				INFOPLIST_KEY_UISupportedInterfaceOrientations_iPad = "UIInterfaceOrientationPortrait UIInterfaceOrientationPortraitUpsideDown UIInterfaceOrientationLandscapeLeft UIInterfaceOrientationLandscapeRight";
				INFOPLIST_KEY_UISupportedInterfaceOrientations_iPhone = "UIInterfaceOrientationPortrait UIInterfaceOrientationLandscapeLeft UIInterfaceOrientationLandscapeRight";
				LD_RUNPATH_SEARCH_PATHS = (
					"$(inherited)",
					"@executable_path/Frameworks",
				);
				MARKETING_VERSION = 1.0;
				PRODUCT_BUNDLE_IDENTIFIER = com.mrgsdev.ChatApp;
				PRODUCT_NAME = "$(TARGET_NAME)";
				SWIFT_EMIT_LOC_STRINGS = YES;
				SWIFT_VERSION = 5.0;
				TARGETED_DEVICE_FAMILY = "1,2";
			};
			name = Debug;
		};
		424EA8CF2BAAE33A00988A09 /* Release */ = {
			isa = XCBuildConfiguration;
			buildSettings = {
				ASSETCATALOG_COMPILER_APPICON_NAME = AppIcon;
				ASSETCATALOG_COMPILER_GLOBAL_ACCENT_COLOR_NAME = AccentColor;
				CODE_SIGN_STYLE = Automatic;
				CURRENT_PROJECT_VERSION = 1;
				DEVELOPMENT_TEAM = Y2Y34S7QM3;
				GENERATE_INFOPLIST_FILE = YES;
				INFOPLIST_FILE = ChatApp/Info.plist;
				INFOPLIST_KEY_UIApplicationSupportsIndirectInputEvents = YES;
				INFOPLIST_KEY_UILaunchStoryboardName = LaunchScreen;
				INFOPLIST_KEY_UISupportedInterfaceOrientations_iPad = "UIInterfaceOrientationPortrait UIInterfaceOrientationPortraitUpsideDown UIInterfaceOrientationLandscapeLeft UIInterfaceOrientationLandscapeRight";
				INFOPLIST_KEY_UISupportedInterfaceOrientations_iPhone = "UIInterfaceOrientationPortrait UIInterfaceOrientationLandscapeLeft UIInterfaceOrientationLandscapeRight";
				LD_RUNPATH_SEARCH_PATHS = (
					"$(inherited)",
					"@executable_path/Frameworks",
				);
				MARKETING_VERSION = 1.0;
				PRODUCT_BUNDLE_IDENTIFIER = com.mrgsdev.ChatApp;
				PRODUCT_NAME = "$(TARGET_NAME)";
				SWIFT_EMIT_LOC_STRINGS = YES;
				SWIFT_VERSION = 5.0;
				TARGETED_DEVICE_FAMILY = "1,2";
			};
			name = Release;
		};
/* End XCBuildConfiguration section */

/* Begin XCConfigurationList section */
		424EA8B42BAAE33900988A09 /* Build configuration list for PBXProject "ChatApp" */ = {
			isa = XCConfigurationList;
			buildConfigurations = (
				424EA8CB2BAAE33A00988A09 /* Debug */,
				424EA8CC2BAAE33A00988A09 /* Release */,
			);
			defaultConfigurationIsVisible = 0;
			defaultConfigurationName = Release;
		};
		424EA8CD2BAAE33A00988A09 /* Build configuration list for PBXNativeTarget "ChatApp" */ = {
			isa = XCConfigurationList;
			buildConfigurations = (
				424EA8CE2BAAE33A00988A09 /* Debug */,
				424EA8CF2BAAE33A00988A09 /* Release */,
			);
			defaultConfigurationIsVisible = 0;
			defaultConfigurationName = Release;
		};
/* End XCConfigurationList section */
	};
	rootObject = 424EA8B12BAAE33900988A09 /* Project object */;
}
