// !$*UTF8*$!
{
	archiveVersion = 1;
	classes = {
	};
	objectVersion = 56;
	objects = {

/* Begin PBXBuildFile section */
		4259F6CF2B946A510005A89C /* AppDelegate.swift in Sources */ = {isa = PBXBuildFile; fileRef = 4259F6CE2B946A510005A89C /* AppDelegate.swift */; };
		4259F6D12B946A510005A89C /* SceneDelegate.swift in Sources */ = {isa = PBXBuildFile; fileRef = 4259F6D02B946A510005A89C /* SceneDelegate.swift */; };
		4259F6D32B946A510005A89C /* ViewController.swift in Sources */ = {isa = PBXBuildFile; fileRef = 4259F6D22B946A510005A89C /* ViewController.swift */; };
		4259F6D62B946A510005A89C /* Main.storyboard in Resources */ = {isa = PBXBuildFile; fileRef = 4259F6D42B946A510005A89C /* Main.storyboard */; };
		4259F6D82B946A520005A89C /* Assets.xcassets in Resources */ = {isa = PBXBuildFile; fileRef = 4259F6D72B946A520005A89C /* Assets.xcassets */; };
		4259F6DB2B946A520005A89C /* LaunchScreen.storyboard in Resources */ = {isa = PBXBuildFile; fileRef = 4259F6D92B946A520005A89C /* LaunchScreen.storyboard */; };
		4259F6E32B946AC00005A89C /* ViewController+alertController.swift in Sources */ = {isa = PBXBuildFile; fileRef = 4259F6E22B946AC00005A89C /* ViewController+alertController.swift */; };
		4259F6E72B946D090005A89C /* NetworkWeatherManager.swift in Sources */ = {isa = PBXBuildFile; fileRef = 4259F6E62B946D090005A89C /* NetworkWeatherManager.swift */; };
		4259F6EE2B94C0920005A89C /* CurrentWeatherData.swift in Sources */ = {isa = PBXBuildFile; fileRef = 4259F6ED2B94C0920005A89C /* CurrentWeatherData.swift */; };
/* End PBXBuildFile section */

/* Begin PBXFileReference section */
		4259F6CB2B946A510005A89C /* WeatherAppAPI.app */ = {isa = PBXFileReference; explicitFileType = wrapper.application; includeInIndex = 0; path = WeatherAppAPI.app; sourceTree = BUILT_PRODUCTS_DIR; };
		4259F6CE2B946A510005A89C /* AppDelegate.swift */ = {isa = PBXFileReference; lastKnownFileType = sourcecode.swift; path = AppDelegate.swift; sourceTree = "<group>"; };
		4259F6D02B946A510005A89C /* SceneDelegate.swift */ = {isa = PBXFileReference; lastKnownFileType = sourcecode.swift; path = SceneDelegate.swift; sourceTree = "<group>"; };
		4259F6D22B946A510005A89C /* ViewController.swift */ = {isa = PBXFileReference; lastKnownFileType = sourcecode.swift; path = ViewController.swift; sourceTree = "<group>"; };
		4259F6D52B946A510005A89C /* Base */ = {isa = PBXFileReference; lastKnownFileType = file.storyboard; name = Base; path = Base.lproj/Main.storyboard; sourceTree = "<group>"; };
		4259F6D72B946A520005A89C /* Assets.xcassets */ = {isa = PBXFileReference; lastKnownFileType = folder.assetcatalog; path = Assets.xcassets; sourceTree = "<group>"; };
		4259F6DA2B946A520005A89C /* Base */ = {isa = PBXFileReference; lastKnownFileType = file.storyboard; name = Base; path = Base.lproj/LaunchScreen.storyboard; sourceTree = "<group>"; };
		4259F6DC2B946A520005A89C /* Info.plist */ = {isa = PBXFileReference; lastKnownFileType = text.plist.xml; path = Info.plist; sourceTree = "<group>"; };
		4259F6E22B946AC00005A89C /* ViewController+alertController.swift */ = {isa = PBXFileReference; lastKnownFileType = sourcecode.swift; path = "ViewController+alertController.swift"; sourceTree = "<group>"; };
		4259F6E62B946D090005A89C /* NetworkWeatherManager.swift */ = {isa = PBXFileReference; lastKnownFileType = sourcecode.swift; path = NetworkWeatherManager.swift; sourceTree = "<group>"; };
		4259F6ED2B94C0920005A89C /* CurrentWeatherData.swift */ = {isa = PBXFileReference; lastKnownFileType = sourcecode.swift; path = CurrentWeatherData.swift; sourceTree = "<group>"; };
/* End PBXFileReference section */

/* Begin PBXFrameworksBuildPhase section */
		4259F6C82B946A510005A89C /* Frameworks */ = {
			isa = PBXFrameworksBuildPhase;
			buildActionMask = 2147483647;
			files = (
			);
			runOnlyForDeploymentPostprocessing = 0;
		};
/* End PBXFrameworksBuildPhase section */

/* Begin PBXGroup section */
		4259F6C22B946A510005A89C = {
			isa = PBXGroup;
			children = (
				4259F6CD2B946A510005A89C /* WeatherAppAPI */,
				4259F6CC2B946A510005A89C /* Products */,
			);
			sourceTree = "<group>";
		};
		4259F6CC2B946A510005A89C /* Products */ = {
			isa = PBXGroup;
			children = (
				4259F6CB2B946A510005A89C /* WeatherAppAPI.app */,
			);
			name = Products;
			sourceTree = "<group>";
		};
		4259F6CD2B946A510005A89C /* WeatherAppAPI */ = {
			isa = PBXGroup;
			children = (
				4259F6ED2B94C0920005A89C /* CurrentWeatherData.swift */,
				4259F6E42B946ACD0005A89C /* Extensions */,
				4259F6E82B946D230005A89C /* Model */,
				4259F6E52B946CF20005A89C /* Views */,
				4259F6EB2B946D5C0005A89C /* Controller */,
				4259F6EC2B946D6C0005A89C /* Delegates */,
				4259F6D72B946A520005A89C /* Assets.xcassets */,
				4259F6DC2B946A520005A89C /* Info.plist */,
			);
			path = WeatherAppAPI;
			sourceTree = "<group>";
		};
		4259F6E42B946ACD0005A89C /* Extensions */ = {
			isa = PBXGroup;
			children = (
				4259F6E22B946AC00005A89C /* ViewController+alertController.swift */,
			);
			path = Extensions;
			sourceTree = "<group>";
		};
		4259F6E52B946CF20005A89C /* Views */ = {
			isa = PBXGroup;
			children = (
				4259F6D42B946A510005A89C /* Main.storyboard */,
				4259F6D92B946A520005A89C /* LaunchScreen.storyboard */,
			);
			path = Views;
			sourceTree = "<group>";
		};
		4259F6E82B946D230005A89C /* Model */ = {
			isa = PBXGroup;
			children = (
				4259F6E62B946D090005A89C /* NetworkWeatherManager.swift */,
			);
			path = Model;
			sourceTree = "<group>";
		};
		4259F6EB2B946D5C0005A89C /* Controller */ = {
			isa = PBXGroup;
			children = (
				4259F6D22B946A510005A89C /* ViewController.swift */,
			);
			path = Controller;
			sourceTree = "<group>";
		};
		4259F6EC2B946D6C0005A89C /* Delegates */ = {
			isa = PBXGroup;
			children = (
				4259F6CE2B946A510005A89C /* AppDelegate.swift */,
				4259F6D02B946A510005A89C /* SceneDelegate.swift */,
			);
			path = Delegates;
			sourceTree = "<group>";
		};
/* End PBXGroup section */

/* Begin PBXNativeTarget section */
		4259F6CA2B946A510005A89C /* WeatherAppAPI */ = {
			isa = PBXNativeTarget;
			buildConfigurationList = 4259F6DF2B946A520005A89C /* Build configuration list for PBXNativeTarget "WeatherAppAPI" */;
			buildPhases = (
				4259F6C72B946A510005A89C /* Sources */,
				4259F6C82B946A510005A89C /* Frameworks */,
				4259F6C92B946A510005A89C /* Resources */,
			);
			buildRules = (
			);
			dependencies = (
			);
			name = WeatherAppAPI;
			productName = WeatherAppAPI;
			productReference = 4259F6CB2B946A510005A89C /* WeatherAppAPI.app */;
			productType = "com.apple.product-type.application";
		};
/* End PBXNativeTarget section */

/* Begin PBXProject section */
		4259F6C32B946A510005A89C /* Project object */ = {
			isa = PBXProject;
			attributes = {
				BuildIndependentTargetsInParallel = 1;
				LastSwiftUpdateCheck = 1520;
				LastUpgradeCheck = 1520;
				TargetAttributes = {
					4259F6CA2B946A510005A89C = {
						CreatedOnToolsVersion = 15.2;
					};
				};
			};
			buildConfigurationList = 4259F6C62B946A510005A89C /* Build configuration list for PBXProject "WeatherAppAPI" */;
			compatibilityVersion = "Xcode 14.0";
			developmentRegion = en;
			hasScannedForEncodings = 0;
			knownRegions = (
				en,
				Base,
			);
			mainGroup = 4259F6C22B946A510005A89C;
			productRefGroup = 4259F6CC2B946A510005A89C /* Products */;
			projectDirPath = "";
			projectRoot = "";
			targets = (
				4259F6CA2B946A510005A89C /* WeatherAppAPI */,
			);
		};
/* End PBXProject section */

/* Begin PBXResourcesBuildPhase section */
		4259F6C92B946A510005A89C /* Resources */ = {
			isa = PBXResourcesBuildPhase;
			buildActionMask = 2147483647;
			files = (
				4259F6DB2B946A520005A89C /* LaunchScreen.storyboard in Resources */,
				4259F6D82B946A520005A89C /* Assets.xcassets in Resources */,
				4259F6D62B946A510005A89C /* Main.storyboard in Resources */,
			);
			runOnlyForDeploymentPostprocessing = 0;
		};
/* End PBXResourcesBuildPhase section */

/* Begin PBXSourcesBuildPhase section */
		4259F6C72B946A510005A89C /* Sources */ = {
			isa = PBXSourcesBuildPhase;
			buildActionMask = 2147483647;
			files = (
				4259F6D32B946A510005A89C /* ViewController.swift in Sources */,
				4259F6EE2B94C0920005A89C /* CurrentWeatherData.swift in Sources */,
				4259F6E32B946AC00005A89C /* ViewController+alertController.swift in Sources */,
				4259F6E72B946D090005A89C /* NetworkWeatherManager.swift in Sources */,
				4259F6CF2B946A510005A89C /* AppDelegate.swift in Sources */,
				4259F6D12B946A510005A89C /* SceneDelegate.swift in Sources */,
			);
			runOnlyForDeploymentPostprocessing = 0;
		};
/* End PBXSourcesBuildPhase section */

/* Begin PBXVariantGroup section */
		4259F6D42B946A510005A89C /* Main.storyboard */ = {
			isa = PBXVariantGroup;
			children = (
				4259F6D52B946A510005A89C /* Base */,
			);
			name = Main.storyboard;
			sourceTree = "<group>";
		};
		4259F6D92B946A520005A89C /* LaunchScreen.storyboard */ = {
			isa = PBXVariantGroup;
			children = (
				4259F6DA2B946A520005A89C /* Base */,
			);
			name = LaunchScreen.storyboard;
			sourceTree = "<group>";
		};
/* End PBXVariantGroup section */

/* Begin XCBuildConfiguration section */
		4259F6DD2B946A520005A89C /* Debug */ = {
			isa = XCBuildConfiguration;
			buildSettings = {
				ALWAYS_SEARCH_USER_PATHS = NO;
				ASSETCATALOG_COMPILER_GENERATE_SWIFT_ASSET_SYMBOL_EXTENSIONS = YES;
				CLANG_ANALYZER_NONNULL = YES;
				CLANG_ANALYZER_NUMBER_OBJECT_CONVERSION = YES_AGGRESSIVE;
				CLANG_CXX_LANGUAGE_STANDARD = "gnu++20";
				CLANG_ENABLE_MODULES = YES;
				CLANG_ENABLE_OBJC_ARC = YES;
				CLANG_ENABLE_OBJC_WEAK = YES;
				CLANG_WARN_BLOCK_CAPTURE_AUTORELEASING = YES;
				CLANG_WARN_BOOL_CONVERSION = YES;
				CLANG_WARN_COMMA = YES;
				CLANG_WARN_CONSTANT_CONVERSION = YES;
				CLANG_WARN_DEPRECATED_OBJC_IMPLEMENTATIONS = YES;
				CLANG_WARN_DIRECT_OBJC_ISA_USAGE = YES_ERROR;
				CLANG_WARN_DOCUMENTATION_COMMENTS = YES;
				CLANG_WARN_EMPTY_BODY = YES;
				CLANG_WARN_ENUM_CONVERSION = YES;
				CLANG_WARN_INFINITE_RECURSION = YES;
				CLANG_WARN_INT_CONVERSION = YES;
				CLANG_WARN_NON_LITERAL_NULL_CONVERSION = YES;
				CLANG_WARN_OBJC_IMPLICIT_RETAIN_SELF = YES;
				CLANG_WARN_OBJC_LITERAL_CONVERSION = YES;
				CLANG_WARN_OBJC_ROOT_CLASS = YES_ERROR;
				CLANG_WARN_QUOTED_INCLUDE_IN_FRAMEWORK_HEADER = YES;
				CLANG_WARN_RANGE_LOOP_ANALYSIS = YES;
				CLANG_WARN_STRICT_PROTOTYPES = YES;
				CLANG_WARN_SUSPICIOUS_MOVE = YES;
				CLANG_WARN_UNGUARDED_AVAILABILITY = YES_AGGRESSIVE;
				CLANG_WARN_UNREACHABLE_CODE = YES;
				CLANG_WARN__DUPLICATE_METHOD_MATCH = YES;
				COPY_PHASE_STRIP = NO;
				DEBUG_INFORMATION_FORMAT = dwarf;
				ENABLE_STRICT_OBJC_MSGSEND = YES;
				ENABLE_TESTABILITY = YES;
				ENABLE_USER_SCRIPT_SANDBOXING = YES;
				GCC_C_LANGUAGE_STANDARD = gnu17;
				GCC_DYNAMIC_NO_PIC = NO;
				GCC_NO_COMMON_BLOCKS = YES;
				GCC_OPTIMIZATION_LEVEL = 0;
				GCC_PREPROCESSOR_DEFINITIONS = (
					"DEBUG=1",
					"$(inherited)",
				);
				GCC_WARN_64_TO_32_BIT_CONVERSION = YES;
				GCC_WARN_ABOUT_RETURN_TYPE = YES_ERROR;
				GCC_WARN_UNDECLARED_SELECTOR = YES;
				GCC_WARN_UNINITIALIZED_AUTOS = YES_AGGRESSIVE;
				GCC_WARN_UNUSED_FUNCTION = YES;
				GCC_WARN_UNUSED_VARIABLE = YES;
				IPHONEOS_DEPLOYMENT_TARGET = 17.2;
				LOCALIZATION_PREFERS_STRING_CATALOGS = YES;
				MTL_ENABLE_DEBUG_INFO = INCLUDE_SOURCE;
				MTL_FAST_MATH = YES;
				ONLY_ACTIVE_ARCH = YES;
				SDKROOT = iphoneos;
				SWIFT_ACTIVE_COMPILATION_CONDITIONS = "DEBUG $(inherited)";
				SWIFT_OPTIMIZATION_LEVEL = "-Onone";
			};
			name = Debug;
		};
		4259F6DE2B946A520005A89C /* Release */ = {
			isa = XCBuildConfiguration;
			buildSettings = {
				ALWAYS_SEARCH_USER_PATHS = NO;
				ASSETCATALOG_COMPILER_GENERATE_SWIFT_ASSET_SYMBOL_EXTENSIONS = YES;
				CLANG_ANALYZER_NONNULL = YES;
				CLANG_ANALYZER_NUMBER_OBJECT_CONVERSION = YES_AGGRESSIVE;
				CLANG_CXX_LANGUAGE_STANDARD = "gnu++20";
				CLANG_ENABLE_MODULES = YES;
				CLANG_ENABLE_OBJC_ARC = YES;
				CLANG_ENABLE_OBJC_WEAK = YES;
				CLANG_WARN_BLOCK_CAPTURE_AUTORELEASING = YES;
				CLANG_WARN_BOOL_CONVERSION = YES;
				CLANG_WARN_COMMA = YES;
				CLANG_WARN_CONSTANT_CONVERSION = YES;
				CLANG_WARN_DEPRECATED_OBJC_IMPLEMENTATIONS = YES;
				CLANG_WARN_DIRECT_OBJC_ISA_USAGE = YES_ERROR;
				CLANG_WARN_DOCUMENTATION_COMMENTS = YES;
				CLANG_WARN_EMPTY_BODY = YES;
				CLANG_WARN_ENUM_CONVERSION = YES;
				CLANG_WARN_INFINITE_RECURSION = YES;
				CLANG_WARN_INT_CONVERSION = YES;
				CLANG_WARN_NON_LITERAL_NULL_CONVERSION = YES;
				CLANG_WARN_OBJC_IMPLICIT_RETAIN_SELF = YES;
				CLANG_WARN_OBJC_LITERAL_CONVERSION = YES;
				CLANG_WARN_OBJC_ROOT_CLASS = YES_ERROR;
				CLANG_WARN_QUOTED_INCLUDE_IN_FRAMEWORK_HEADER = YES;
				CLANG_WARN_RANGE_LOOP_ANALYSIS = YES;
				CLANG_WARN_STRICT_PROTOTYPES = YES;
				CLANG_WARN_SUSPICIOUS_MOVE = YES;
				CLANG_WARN_UNGUARDED_AVAILABILITY = YES_AGGRESSIVE;
				CLANG_WARN_UNREACHABLE_CODE = YES;
				CLANG_WARN__DUPLICATE_METHOD_MATCH = YES;
				COPY_PHASE_STRIP = NO;
				DEBUG_INFORMATION_FORMAT = "dwarf-with-dsym";
				ENABLE_NS_ASSERTIONS = NO;
				ENABLE_STRICT_OBJC_MSGSEND = YES;
				ENABLE_USER_SCRIPT_SANDBOXING = YES;
				GCC_C_LANGUAGE_STANDARD = gnu17;
				GCC_NO_COMMON_BLOCKS = YES;
				GCC_WARN_64_TO_32_BIT_CONVERSION = YES;
				GCC_WARN_ABOUT_RETURN_TYPE = YES_ERROR;
				GCC_WARN_UNDECLARED_SELECTOR = YES;
				GCC_WARN_UNINITIALIZED_AUTOS = YES_AGGRESSIVE;
				GCC_WARN_UNUSED_FUNCTION = YES;
				GCC_WARN_UNUSED_VARIABLE = YES;
				IPHONEOS_DEPLOYMENT_TARGET = 17.2;
				LOCALIZATION_PREFERS_STRING_CATALOGS = YES;
				MTL_ENABLE_DEBUG_INFO = NO;
				MTL_FAST_MATH = YES;
				SDKROOT = iphoneos;
				SWIFT_COMPILATION_MODE = wholemodule;
				VALIDATE_PRODUCT = YES;
			};
			name = Release;
		};
		4259F6E02B946A520005A89C /* Debug */ = {
			isa = XCBuildConfiguration;
			buildSettings = {
				ASSETCATALOG_COMPILER_APPICON_NAME = AppIcon;
				ASSETCATALOG_COMPILER_GLOBAL_ACCENT_COLOR_NAME = AccentColor;
				CODE_SIGN_STYLE = Automatic;
				CURRENT_PROJECT_VERSION = 1;
				DEVELOPMENT_TEAM = Y2Y34S7QM3;
				GENERATE_INFOPLIST_FILE = YES;
				INFOPLIST_FILE = WeatherAppAPI/Info.plist;
				INFOPLIST_KEY_UIApplicationSupportsIndirectInputEvents = YES;
				INFOPLIST_KEY_UILaunchStoryboardName = LaunchScreen;
				INFOPLIST_KEY_UIMainStoryboardFile = Main;
				INFOPLIST_KEY_UISupportedInterfaceOrientations_iPad = "UIInterfaceOrientationPortrait UIInterfaceOrientationPortraitUpsideDown UIInterfaceOrientationLandscapeLeft UIInterfaceOrientationLandscapeRight";
				INFOPLIST_KEY_UISupportedInterfaceOrientations_iPhone = "UIInterfaceOrientationPortrait UIInterfaceOrientationLandscapeLeft UIInterfaceOrientationLandscapeRight";
				LD_RUNPATH_SEARCH_PATHS = (
					"$(inherited)",
					"@executable_path/Frameworks",
				);
				MARKETING_VERSION = 1.0;
				PRODUCT_BUNDLE_IDENTIFIER = com.mrgsdev.WeatherAppAPI;
				PRODUCT_NAME = "$(TARGET_NAME)";
				SWIFT_EMIT_LOC_STRINGS = YES;
				SWIFT_VERSION = 5.0;
				TARGETED_DEVICE_FAMILY = "1,2";
			};
			name = Debug;
		};
		4259F6E12B946A520005A89C /* Release */ = {
			isa = XCBuildConfiguration;
			buildSettings = {
				ASSETCATALOG_COMPILER_APPICON_NAME = AppIcon;
				ASSETCATALOG_COMPILER_GLOBAL_ACCENT_COLOR_NAME = AccentColor;
				CODE_SIGN_STYLE = Automatic;
				CURRENT_PROJECT_VERSION = 1;
				DEVELOPMENT_TEAM = Y2Y34S7QM3;
				GENERATE_INFOPLIST_FILE = YES;
				INFOPLIST_FILE = WeatherAppAPI/Info.plist;
				INFOPLIST_KEY_UIApplicationSupportsIndirectInputEvents = YES;
				INFOPLIST_KEY_UILaunchStoryboardName = LaunchScreen;
				INFOPLIST_KEY_UIMainStoryboardFile = Main;
				INFOPLIST_KEY_UISupportedInterfaceOrientations_iPad = "UIInterfaceOrientationPortrait UIInterfaceOrientationPortraitUpsideDown UIInterfaceOrientationLandscapeLeft UIInterfaceOrientationLandscapeRight";
				INFOPLIST_KEY_UISupportedInterfaceOrientations_iPhone = "UIInterfaceOrientationPortrait UIInterfaceOrientationLandscapeLeft UIInterfaceOrientationLandscapeRight";
				LD_RUNPATH_SEARCH_PATHS = (
					"$(inherited)",
					"@executable_path/Frameworks",
				);
				MARKETING_VERSION = 1.0;
				PRODUCT_BUNDLE_IDENTIFIER = com.mrgsdev.WeatherAppAPI;
				PRODUCT_NAME = "$(TARGET_NAME)";
				SWIFT_EMIT_LOC_STRINGS = YES;
				SWIFT_VERSION = 5.0;
				TARGETED_DEVICE_FAMILY = "1,2";
			};
			name = Release;
		};
/* End XCBuildConfiguration section */

/* Begin XCConfigurationList section */
		4259F6C62B946A510005A89C /* Build configuration list for PBXProject "WeatherAppAPI" */ = {
			isa = XCConfigurationList;
			buildConfigurations = (
				4259F6DD2B946A520005A89C /* Debug */,
				4259F6DE2B946A520005A89C /* Release */,
			);
			defaultConfigurationIsVisible = 0;
			defaultConfigurationName = Release;
		};
		4259F6DF2B946A520005A89C /* Build configuration list for PBXNativeTarget "WeatherAppAPI" */ = {
			isa = XCConfigurationList;
			buildConfigurations = (
				4259F6E02B946A520005A89C /* Debug */,
				4259F6E12B946A520005A89C /* Release */,
			);
			defaultConfigurationIsVisible = 0;
			defaultConfigurationName = Release;
		};
/* End XCConfigurationList section */
	};
	rootObject = 4259F6C32B946A510005A89C /* Project object */;
}
