// !$*UTF8*$!
{
	archiveVersion = 1;
	classes = {
	};
	objectVersion = 56;
	objects = {

/* Begin PBXBuildFile section */
		420234162B8481A9005D1624 /* AppDelegate.swift in Sources */ = {isa = PBXBuildFile; fileRef = 420234152B8481A9005D1624 /* AppDelegate.swift */; };
		420234182B8481A9005D1624 /* SceneDelegate.swift in Sources */ = {isa = PBXBuildFile; fileRef = 420234172B8481A9005D1624 /* SceneDelegate.swift */; };
		4202341D2B8481A9005D1624 /* Main.storyboard in Resources */ = {isa = PBXBuildFile; fileRef = 4202341B2B8481A9005D1624 /* Main.storyboard */; };
		420234222B8481AA005D1624 /* LaunchScreen.storyboard in Resources */ = {isa = PBXBuildFile; fileRef = 420234202B8481AA005D1624 /* LaunchScreen.storyboard */; };
		4202342A2B84827B005D1624 /* TableViewController.swift in Sources */ = {isa = PBXBuildFile; fileRef = 420234292B84827B005D1624 /* TableViewController.swift */; };
		4202342C2B848723005D1624 /* CustomTableViewCell.swift in Sources */ = {isa = PBXBuildFile; fileRef = 4202342B2B848723005D1624 /* CustomTableViewCell.swift */; };
		425423062B85CC95000FEDF6 /* NewEmojiTableViewController.swift in Sources */ = {isa = PBXBuildFile; fileRef = 425423052B85CC95000FEDF6 /* NewEmojiTableViewController.swift */; };
		4255E4992B848C0000FFC065 /* EmojiModel.swift in Sources */ = {isa = PBXBuildFile; fileRef = 4255E4982B848C0000FFC065 /* EmojiModel.swift */; };
		429379712B85E1EE0095FBB5 /* Assets.xcassets in Resources */ = {isa = PBXBuildFile; fileRef = 429379702B85E1EE0095FBB5 /* Assets.xcassets */; };
		42AA6EC92B8633470098D531 /* PhotosCollectionView.swift in Sources */ = {isa = PBXBuildFile; fileRef = 42AA6EC82B8633470098D531 /* PhotosCollectionView.swift */; };
		42BF8D802B87978D00F2B918 /* PhotoCollectionViewCell.swift in Sources */ = {isa = PBXBuildFile; fileRef = 42BF8D7F2B87978D00F2B918 /* PhotoCollectionViewCell.swift */; };
		42DA00EB2B887B540057F1B7 /* SecondViewController.swift in Sources */ = {isa = PBXBuildFile; fileRef = 42DA00EA2B887B540057F1B7 /* SecondViewController.swift */; };
/* End PBXBuildFile section */

/* Begin PBXFileReference section */
		420234122B8481A9005D1624 /* TableView&CollectionVIew.app */ = {isa = PBXFileReference; explicitFileType = wrapper.application; includeInIndex = 0; path = "TableView&CollectionVIew.app"; sourceTree = BUILT_PRODUCTS_DIR; };
		420234152B8481A9005D1624 /* AppDelegate.swift */ = {isa = PBXFileReference; lastKnownFileType = sourcecode.swift; path = AppDelegate.swift; sourceTree = "<group>"; };
		420234172B8481A9005D1624 /* SceneDelegate.swift */ = {isa = PBXFileReference; lastKnownFileType = sourcecode.swift; path = SceneDelegate.swift; sourceTree = "<group>"; };
		4202341C2B8481A9005D1624 /* Base */ = {isa = PBXFileReference; lastKnownFileType = file.storyboard; name = Base; path = Base.lproj/Main.storyboard; sourceTree = "<group>"; };
		420234212B8481AA005D1624 /* Base */ = {isa = PBXFileReference; lastKnownFileType = file.storyboard; name = Base; path = Base.lproj/LaunchScreen.storyboard; sourceTree = "<group>"; };
		420234232B8481AA005D1624 /* Info.plist */ = {isa = PBXFileReference; lastKnownFileType = text.plist.xml; path = Info.plist; sourceTree = "<group>"; };
		420234292B84827B005D1624 /* TableViewController.swift */ = {isa = PBXFileReference; lastKnownFileType = sourcecode.swift; path = TableViewController.swift; sourceTree = "<group>"; };
		4202342B2B848723005D1624 /* CustomTableViewCell.swift */ = {isa = PBXFileReference; lastKnownFileType = sourcecode.swift; path = CustomTableViewCell.swift; sourceTree = "<group>"; };
		425423052B85CC95000FEDF6 /* NewEmojiTableViewController.swift */ = {isa = PBXFileReference; lastKnownFileType = sourcecode.swift; path = NewEmojiTableViewController.swift; sourceTree = "<group>"; };
		4255E4982B848C0000FFC065 /* EmojiModel.swift */ = {isa = PBXFileReference; lastKnownFileType = sourcecode.swift; path = EmojiModel.swift; sourceTree = "<group>"; };
		429379702B85E1EE0095FBB5 /* Assets.xcassets */ = {isa = PBXFileReference; lastKnownFileType = folder.assetcatalog; path = Assets.xcassets; sourceTree = "<group>"; };
		42AA6EC82B8633470098D531 /* PhotosCollectionView.swift */ = {isa = PBXFileReference; lastKnownFileType = sourcecode.swift; path = PhotosCollectionView.swift; sourceTree = "<group>"; };
		42BF8D7F2B87978D00F2B918 /* PhotoCollectionViewCell.swift */ = {isa = PBXFileReference; lastKnownFileType = sourcecode.swift; path = PhotoCollectionViewCell.swift; sourceTree = "<group>"; };
		42DA00EA2B887B540057F1B7 /* SecondViewController.swift */ = {isa = PBXFileReference; lastKnownFileType = sourcecode.swift; path = SecondViewController.swift; sourceTree = "<group>"; };
/* End PBXFileReference section */

/* Begin PBXFrameworksBuildPhase section */
		4202340F2B8481A9005D1624 /* Frameworks */ = {
			isa = PBXFrameworksBuildPhase;
			buildActionMask = 2147483647;
			files = (
			);
			runOnlyForDeploymentPostprocessing = 0;
		};
/* End PBXFrameworksBuildPhase section */

/* Begin PBXGroup section */
		420234092B8481A9005D1624 = {
			isa = PBXGroup;
			children = (
				420234142B8481A9005D1624 /* TableView&CollectionVIew */,
				420234132B8481A9005D1624 /* Products */,
			);
			sourceTree = "<group>";
		};
		420234132B8481A9005D1624 /* Products */ = {
			isa = PBXGroup;
			children = (
				420234122B8481A9005D1624 /* TableView&CollectionVIew.app */,
			);
			name = Products;
			sourceTree = "<group>";
		};
		420234142B8481A9005D1624 /* TableView&CollectionVIew */ = {
			isa = PBXGroup;
			children = (
				42AA6EC62B86329D0098D531 /* Resource */,
				42AA6EC52B8632850098D531 /* TableView */,
				42AA6EC72B8632AA0098D531 /* CollectionView */,
				4202341B2B8481A9005D1624 /* Main.storyboard */,
				420234232B8481AA005D1624 /* Info.plist */,
			);
			path = "TableView&CollectionVIew";
			sourceTree = "<group>";
		};
		42AA6EC52B8632850098D531 /* TableView */ = {
			isa = PBXGroup;
			children = (
				425423052B85CC95000FEDF6 /* NewEmojiTableViewController.swift */,
				4202342B2B848723005D1624 /* CustomTableViewCell.swift */,
				420234292B84827B005D1624 /* TableViewController.swift */,
				4255E4982B848C0000FFC065 /* EmojiModel.swift */,
			);
			path = TableView;
			sourceTree = "<group>";
		};
		42AA6EC62B86329D0098D531 /* Resource */ = {
			isa = PBXGroup;
			children = (
				420234152B8481A9005D1624 /* AppDelegate.swift */,
				420234172B8481A9005D1624 /* SceneDelegate.swift */,
				429379702B85E1EE0095FBB5 /* Assets.xcassets */,
				420234202B8481AA005D1624 /* LaunchScreen.storyboard */,
			);
			path = Resource;
			sourceTree = "<group>";
		};
		42AA6EC72B8632AA0098D531 /* CollectionView */ = {
			isa = PBXGroup;
			children = (
				42DA00EA2B887B540057F1B7 /* SecondViewController.swift */,
				42BF8D7F2B87978D00F2B918 /* PhotoCollectionViewCell.swift */,
				42AA6EC82B8633470098D531 /* PhotosCollectionView.swift */,
			);
			path = CollectionView;
			sourceTree = "<group>";
		};
/* End PBXGroup section */

/* Begin PBXNativeTarget section */
		420234112B8481A9005D1624 /* TableView&CollectionVIew */ = {
			isa = PBXNativeTarget;
			buildConfigurationList = 420234262B8481AA005D1624 /* Build configuration list for PBXNativeTarget "TableView&CollectionVIew" */;
			buildPhases = (
				4202340E2B8481A9005D1624 /* Sources */,
				4202340F2B8481A9005D1624 /* Frameworks */,
				420234102B8481A9005D1624 /* Resources */,
			);
			buildRules = (
			);
			dependencies = (
			);
			name = "TableView&CollectionVIew";
			productName = "TableView&CollectionVIew";
			productReference = 420234122B8481A9005D1624 /* TableView&CollectionVIew.app */;
			productType = "com.apple.product-type.application";
		};
/* End PBXNativeTarget section */

/* Begin PBXProject section */
		4202340A2B8481A9005D1624 /* Project object */ = {
			isa = PBXProject;
			attributes = {
				BuildIndependentTargetsInParallel = 1;
				LastSwiftUpdateCheck = 1520;
				LastUpgradeCheck = 1520;
				TargetAttributes = {
					420234112B8481A9005D1624 = {
						CreatedOnToolsVersion = 15.2;
					};
				};
			};
			buildConfigurationList = 4202340D2B8481A9005D1624 /* Build configuration list for PBXProject "TableView&CollectionVIew" */;
			compatibilityVersion = "Xcode 14.0";
			developmentRegion = en;
			hasScannedForEncodings = 0;
			knownRegions = (
				en,
				Base,
			);
			mainGroup = 420234092B8481A9005D1624;
			productRefGroup = 420234132B8481A9005D1624 /* Products */;
			projectDirPath = "";
			projectRoot = "";
			targets = (
				420234112B8481A9005D1624 /* TableView&CollectionVIew */,
			);
		};
/* End PBXProject section */

/* Begin PBXResourcesBuildPhase section */
		420234102B8481A9005D1624 /* Resources */ = {
			isa = PBXResourcesBuildPhase;
			buildActionMask = 2147483647;
			files = (
				420234222B8481AA005D1624 /* LaunchScreen.storyboard in Resources */,
				429379712B85E1EE0095FBB5 /* Assets.xcassets in Resources */,
				4202341D2B8481A9005D1624 /* Main.storyboard in Resources */,
			);
			runOnlyForDeploymentPostprocessing = 0;
		};
/* End PBXResourcesBuildPhase section */

/* Begin PBXSourcesBuildPhase section */
		4202340E2B8481A9005D1624 /* Sources */ = {
			isa = PBXSourcesBuildPhase;
			buildActionMask = 2147483647;
			files = (
				420234162B8481A9005D1624 /* AppDelegate.swift in Sources */,
				42BF8D802B87978D00F2B918 /* PhotoCollectionViewCell.swift in Sources */,
				425423062B85CC95000FEDF6 /* NewEmojiTableViewController.swift in Sources */,
				4202342C2B848723005D1624 /* CustomTableViewCell.swift in Sources */,
				4202342A2B84827B005D1624 /* TableViewController.swift in Sources */,
				42AA6EC92B8633470098D531 /* PhotosCollectionView.swift in Sources */,
				4255E4992B848C0000FFC065 /* EmojiModel.swift in Sources */,
				42DA00EB2B887B540057F1B7 /* SecondViewController.swift in Sources */,
				420234182B8481A9005D1624 /* SceneDelegate.swift in Sources */,
			);
			runOnlyForDeploymentPostprocessing = 0;
		};
/* End PBXSourcesBuildPhase section */

/* Begin PBXVariantGroup section */
		4202341B2B8481A9005D1624 /* Main.storyboard */ = {
			isa = PBXVariantGroup;
			children = (
				4202341C2B8481A9005D1624 /* Base */,
			);
			name = Main.storyboard;
			sourceTree = "<group>";
		};
		420234202B8481AA005D1624 /* LaunchScreen.storyboard */ = {
			isa = PBXVariantGroup;
			children = (
				420234212B8481AA005D1624 /* Base */,
			);
			name = LaunchScreen.storyboard;
			sourceTree = "<group>";
		};
/* End PBXVariantGroup section */

/* Begin XCBuildConfiguration section */
		420234242B8481AA005D1624 /* Debug */ = {
			isa = XCBuildConfiguration;
			buildSettings = {
				ALWAYS_SEARCH_USER_PATHS = NO;
				ASSETCATALOG_COMPILER_GENERATE_SWIFT_ASSET_SYMBOL_EXTENSIONS = YES;
				CLANG_ANALYZER_NONNULL = YES;
				CLANG_ANALYZER_NUMBER_OBJECT_CONVERSION = YES_AGGRESSIVE;
				CLANG_CXX_LANGUAGE_STANDARD = "gnu++20";
				CLANG_ENABLE_MODULES = YES;
				CLANG_ENABLE_OBJC_ARC = YES;
				CLANG_ENABLE_OBJC_WEAK = YES;
				CLANG_WARN_BLOCK_CAPTURE_AUTORELEASING = YES;
				CLANG_WARN_BOOL_CONVERSION = YES;
				CLANG_WARN_COMMA = YES;
				CLANG_WARN_CONSTANT_CONVERSION = YES;
				CLANG_WARN_DEPRECATED_OBJC_IMPLEMENTATIONS = YES;
				CLANG_WARN_DIRECT_OBJC_ISA_USAGE = YES_ERROR;
				CLANG_WARN_DOCUMENTATION_COMMENTS = YES;
				CLANG_WARN_EMPTY_BODY = YES;
				CLANG_WARN_ENUM_CONVERSION = YES;
				CLANG_WARN_INFINITE_RECURSION = YES;
				CLANG_WARN_INT_CONVERSION = YES;
				CLANG_WARN_NON_LITERAL_NULL_CONVERSION = YES;
				CLANG_WARN_OBJC_IMPLICIT_RETAIN_SELF = YES;
				CLANG_WARN_OBJC_LITERAL_CONVERSION = YES;
				CLANG_WARN_OBJC_ROOT_CLASS = YES_ERROR;
				CLANG_WARN_QUOTED_INCLUDE_IN_FRAMEWORK_HEADER = YES;
				CLANG_WARN_RANGE_LOOP_ANALYSIS = YES;
				CLANG_WARN_STRICT_PROTOTYPES = YES;
				CLANG_WARN_SUSPICIOUS_MOVE = YES;
				CLANG_WARN_UNGUARDED_AVAILABILITY = YES_AGGRESSIVE;
				CLANG_WARN_UNREACHABLE_CODE = YES;
				CLANG_WARN__DUPLICATE_METHOD_MATCH = YES;
				COPY_PHASE_STRIP = NO;
				DEBUG_INFORMATION_FORMAT = dwarf;
				ENABLE_STRICT_OBJC_MSGSEND = YES;
				ENABLE_TESTABILITY = YES;
				ENABLE_USER_SCRIPT_SANDBOXING = YES;
				GCC_C_LANGUAGE_STANDARD = gnu17;
				GCC_DYNAMIC_NO_PIC = NO;
				GCC_NO_COMMON_BLOCKS = YES;
				GCC_OPTIMIZATION_LEVEL = 0;
				GCC_PREPROCESSOR_DEFINITIONS = (
					"DEBUG=1",
					"$(inherited)",
				);
				GCC_WARN_64_TO_32_BIT_CONVERSION = YES;
				GCC_WARN_ABOUT_RETURN_TYPE = YES_ERROR;
				GCC_WARN_UNDECLARED_SELECTOR = YES;
				GCC_WARN_UNINITIALIZED_AUTOS = YES_AGGRESSIVE;
				GCC_WARN_UNUSED_FUNCTION = YES;
				GCC_WARN_UNUSED_VARIABLE = YES;
				IPHONEOS_DEPLOYMENT_TARGET = 17.2;
				LOCALIZATION_PREFERS_STRING_CATALOGS = YES;
				MTL_ENABLE_DEBUG_INFO = INCLUDE_SOURCE;
				MTL_FAST_MATH = YES;
				ONLY_ACTIVE_ARCH = YES;
				SDKROOT = iphoneos;
				SWIFT_ACTIVE_COMPILATION_CONDITIONS = "DEBUG $(inherited)";
				SWIFT_OPTIMIZATION_LEVEL = "-Onone";
			};
			name = Debug;
		};
		420234252B8481AA005D1624 /* Release */ = {
			isa = XCBuildConfiguration;
			buildSettings = {
				ALWAYS_SEARCH_USER_PATHS = NO;
				ASSETCATALOG_COMPILER_GENERATE_SWIFT_ASSET_SYMBOL_EXTENSIONS = YES;
				CLANG_ANALYZER_NONNULL = YES;
				CLANG_ANALYZER_NUMBER_OBJECT_CONVERSION = YES_AGGRESSIVE;
				CLANG_CXX_LANGUAGE_STANDARD = "gnu++20";
				CLANG_ENABLE_MODULES = YES;
				CLANG_ENABLE_OBJC_ARC = YES;
				CLANG_ENABLE_OBJC_WEAK = YES;
				CLANG_WARN_BLOCK_CAPTURE_AUTORELEASING = YES;
				CLANG_WARN_BOOL_CONVERSION = YES;
				CLANG_WARN_COMMA = YES;
				CLANG_WARN_CONSTANT_CONVERSION = YES;
				CLANG_WARN_DEPRECATED_OBJC_IMPLEMENTATIONS = YES;
				CLANG_WARN_DIRECT_OBJC_ISA_USAGE = YES_ERROR;
				CLANG_WARN_DOCUMENTATION_COMMENTS = YES;
				CLANG_WARN_EMPTY_BODY = YES;
				CLANG_WARN_ENUM_CONVERSION = YES;
				CLANG_WARN_INFINITE_RECURSION = YES;
				CLANG_WARN_INT_CONVERSION = YES;
				CLANG_WARN_NON_LITERAL_NULL_CONVERSION = YES;
				CLANG_WARN_OBJC_IMPLICIT_RETAIN_SELF = YES;
				CLANG_WARN_OBJC_LITERAL_CONVERSION = YES;
				CLANG_WARN_OBJC_ROOT_CLASS = YES_ERROR;
				CLANG_WARN_QUOTED_INCLUDE_IN_FRAMEWORK_HEADER = YES;
				CLANG_WARN_RANGE_LOOP_ANALYSIS = YES;
				CLANG_WARN_STRICT_PROTOTYPES = YES;
				CLANG_WARN_SUSPICIOUS_MOVE = YES;
				CLANG_WARN_UNGUARDED_AVAILABILITY = YES_AGGRESSIVE;
				CLANG_WARN_UNREACHABLE_CODE = YES;
				CLANG_WARN__DUPLICATE_METHOD_MATCH = YES;
				COPY_PHASE_STRIP = NO;
				DEBUG_INFORMATION_FORMAT = "dwarf-with-dsym";
				ENABLE_NS_ASSERTIONS = NO;
				ENABLE_STRICT_OBJC_MSGSEND = YES;
				ENABLE_USER_SCRIPT_SANDBOXING = YES;
				GCC_C_LANGUAGE_STANDARD = gnu17;
				GCC_NO_COMMON_BLOCKS = YES;
				GCC_WARN_64_TO_32_BIT_CONVERSION = YES;
				GCC_WARN_ABOUT_RETURN_TYPE = YES_ERROR;
				GCC_WARN_UNDECLARED_SELECTOR = YES;
				GCC_WARN_UNINITIALIZED_AUTOS = YES_AGGRESSIVE;
				GCC_WARN_UNUSED_FUNCTION = YES;
				GCC_WARN_UNUSED_VARIABLE = YES;
				IPHONEOS_DEPLOYMENT_TARGET = 17.2;
				LOCALIZATION_PREFERS_STRING_CATALOGS = YES;
				MTL_ENABLE_DEBUG_INFO = NO;
				MTL_FAST_MATH = YES;
				SDKROOT = iphoneos;
				SWIFT_COMPILATION_MODE = wholemodule;
				VALIDATE_PRODUCT = YES;
			};
			name = Release;
		};
		420234272B8481AA005D1624 /* Debug */ = {
			isa = XCBuildConfiguration;
			buildSettings = {
				ASSETCATALOG_COMPILER_APPICON_NAME = AppIcon;
				ASSETCATALOG_COMPILER_GLOBAL_ACCENT_COLOR_NAME = AccentColor;
				CODE_SIGN_STYLE = Automatic;
				CURRENT_PROJECT_VERSION = 1;
				DEVELOPMENT_TEAM = Y2Y34S7QM3;
				GENERATE_INFOPLIST_FILE = YES;
				INFOPLIST_FILE = "TableView&CollectionVIew/Info.plist";
				INFOPLIST_KEY_UIApplicationSupportsIndirectInputEvents = YES;
				INFOPLIST_KEY_UILaunchStoryboardName = LaunchScreen;
				INFOPLIST_KEY_UIMainStoryboardFile = Main;
				INFOPLIST_KEY_UISupportedInterfaceOrientations_iPad = "UIInterfaceOrientationPortrait UIInterfaceOrientationPortraitUpsideDown UIInterfaceOrientationLandscapeLeft UIInterfaceOrientationLandscapeRight";
				INFOPLIST_KEY_UISupportedInterfaceOrientations_iPhone = "UIInterfaceOrientationPortrait UIInterfaceOrientationLandscapeLeft UIInterfaceOrientationLandscapeRight";
				LD_RUNPATH_SEARCH_PATHS = (
					"$(inherited)",
					"@executable_path/Frameworks",
				);
				MARKETING_VERSION = 1.0;
				PRODUCT_BUNDLE_IDENTIFIER = "com.mrgsdev.TableView-CollectionVIew";
				PRODUCT_NAME = "$(TARGET_NAME)";
				SWIFT_EMIT_LOC_STRINGS = YES;
				SWIFT_VERSION = 5.0;
				TARGETED_DEVICE_FAMILY = "1,2";
			};
			name = Debug;
		};
		420234282B8481AA005D1624 /* Release */ = {
			isa = XCBuildConfiguration;
			buildSettings = {
				ASSETCATALOG_COMPILER_APPICON_NAME = AppIcon;
				ASSETCATALOG_COMPILER_GLOBAL_ACCENT_COLOR_NAME = AccentColor;
				CODE_SIGN_STYLE = Automatic;
				CURRENT_PROJECT_VERSION = 1;
				DEVELOPMENT_TEAM = Y2Y34S7QM3;
				GENERATE_INFOPLIST_FILE = YES;
				INFOPLIST_FILE = "TableView&CollectionVIew/Info.plist";
				INFOPLIST_KEY_UIApplicationSupportsIndirectInputEvents = YES;
				INFOPLIST_KEY_UILaunchStoryboardName = LaunchScreen;
				INFOPLIST_KEY_UIMainStoryboardFile = Main;
				INFOPLIST_KEY_UISupportedInterfaceOrientations_iPad = "UIInterfaceOrientationPortrait UIInterfaceOrientationPortraitUpsideDown UIInterfaceOrientationLandscapeLeft UIInterfaceOrientationLandscapeRight";
				INFOPLIST_KEY_UISupportedInterfaceOrientations_iPhone = "UIInterfaceOrientationPortrait UIInterfaceOrientationLandscapeLeft UIInterfaceOrientationLandscapeRight";
				LD_RUNPATH_SEARCH_PATHS = (
					"$(inherited)",
					"@executable_path/Frameworks",
				);
				MARKETING_VERSION = 1.0;
				PRODUCT_BUNDLE_IDENTIFIER = "com.mrgsdev.TableView-CollectionVIew";
				PRODUCT_NAME = "$(TARGET_NAME)";
				SWIFT_EMIT_LOC_STRINGS = YES;
				SWIFT_VERSION = 5.0;
				TARGETED_DEVICE_FAMILY = "1,2";
			};
			name = Release;
		};
/* End XCBuildConfiguration section */

/* Begin XCConfigurationList section */
		4202340D2B8481A9005D1624 /* Build configuration list for PBXProject "TableView&CollectionVIew" */ = {
			isa = XCConfigurationList;
			buildConfigurations = (
				420234242B8481AA005D1624 /* Debug */,
				420234252B8481AA005D1624 /* Release */,
			);
			defaultConfigurationIsVisible = 0;
			defaultConfigurationName = Release;
		};
		420234262B8481AA005D1624 /* Build configuration list for PBXNativeTarget "TableView&CollectionVIew" */ = {
			isa = XCConfigurationList;
			buildConfigurations = (
				420234272B8481AA005D1624 /* Debug */,
				420234282B8481AA005D1624 /* Release */,
			);
			defaultConfigurationIsVisible = 0;
			defaultConfigurationName = Release;
		};
/* End XCConfigurationList section */
	};
	rootObject = 4202340A2B8481A9005D1624 /* Project object */;
}
