// !$*UTF8*$!
{
	archiveVersion = 1;
	classes = {
	};
	objectVersion = 56;
	objects = {

/* Begin PBXBuildFile section */
		4261F7482B826E2E00F0EE18 /* PassDataViewController.swift in Sources */ = {isa = PBXBuildFile; fileRef = 4261F7472B826E2E00F0EE18 /* PassDataViewController.swift */; };
		4261F74A2B826F3700F0EE18 /* PassDataSecondViewController.swift in Sources */ = {isa = PBXBuildFile; fileRef = 4261F7492B826F3700F0EE18 /* PassDataSecondViewController.swift */; };
		42F874352B82576800681A1A /* AppDelegate.swift in Sources */ = {isa = PBXBuildFile; fileRef = 42F874342B82576800681A1A /* AppDelegate.swift */; };
		42F874372B82576800681A1A /* SceneDelegate.swift in Sources */ = {isa = PBXBuildFile; fileRef = 42F874362B82576800681A1A /* SceneDelegate.swift */; };
		42F874392B82576800681A1A /* WeekdayViewController.swift in Sources */ = {isa = PBXBuildFile; fileRef = 42F874382B82576800681A1A /* WeekdayViewController.swift */; };
		42F8743C2B82576800681A1A /* Main.storyboard in Resources */ = {isa = PBXBuildFile; fileRef = 42F8743A2B82576800681A1A /* Main.storyboard */; };
		42F8743E2B82576900681A1A /* Assets.xcassets in Resources */ = {isa = PBXBuildFile; fileRef = 42F8743D2B82576900681A1A /* Assets.xcassets */; };
		42F874412B82576900681A1A /* LaunchScreen.storyboard in Resources */ = {isa = PBXBuildFile; fileRef = 42F8743F2B82576900681A1A /* LaunchScreen.storyboard */; };
		42F874492B8261A300681A1A /* ConverterViewController.swift in Sources */ = {isa = PBXBuildFile; fileRef = 42F874482B8261A300681A1A /* ConverterViewController.swift */; };
/* End PBXBuildFile section */

/* Begin PBXFileReference section */
		4261F7472B826E2E00F0EE18 /* PassDataViewController.swift */ = {isa = PBXFileReference; lastKnownFileType = sourcecode.swift; path = PassDataViewController.swift; sourceTree = "<group>"; };
		4261F7492B826F3700F0EE18 /* PassDataSecondViewController.swift */ = {isa = PBXFileReference; lastKnownFileType = sourcecode.swift; path = PassDataSecondViewController.swift; sourceTree = "<group>"; };
		42F874312B82576800681A1A /* FirstApps.app */ = {isa = PBXFileReference; explicitFileType = wrapper.application; includeInIndex = 0; path = FirstApps.app; sourceTree = BUILT_PRODUCTS_DIR; };
		42F874342B82576800681A1A /* AppDelegate.swift */ = {isa = PBXFileReference; lastKnownFileType = sourcecode.swift; path = AppDelegate.swift; sourceTree = "<group>"; };
		42F874362B82576800681A1A /* SceneDelegate.swift */ = {isa = PBXFileReference; lastKnownFileType = sourcecode.swift; path = SceneDelegate.swift; sourceTree = "<group>"; };
		42F874382B82576800681A1A /* WeekdayViewController.swift */ = {isa = PBXFileReference; lastKnownFileType = sourcecode.swift; path = WeekdayViewController.swift; sourceTree = "<group>"; };
		42F8743B2B82576800681A1A /* Base */ = {isa = PBXFileReference; lastKnownFileType = file.storyboard; name = Base; path = Base.lproj/Main.storyboard; sourceTree = "<group>"; };
		42F8743D2B82576900681A1A /* Assets.xcassets */ = {isa = PBXFileReference; lastKnownFileType = folder.assetcatalog; path = Assets.xcassets; sourceTree = "<group>"; };
		42F874402B82576900681A1A /* Base */ = {isa = PBXFileReference; lastKnownFileType = file.storyboard; name = Base; path = Base.lproj/LaunchScreen.storyboard; sourceTree = "<group>"; };
		42F874422B82576900681A1A /* Info.plist */ = {isa = PBXFileReference; lastKnownFileType = text.plist.xml; path = Info.plist; sourceTree = "<group>"; };
		42F874482B8261A300681A1A /* ConverterViewController.swift */ = {isa = PBXFileReference; lastKnownFileType = sourcecode.swift; path = ConverterViewController.swift; sourceTree = "<group>"; };
/* End PBXFileReference section */

/* Begin PBXFrameworksBuildPhase section */
		42F8742E2B82576800681A1A /* Frameworks */ = {
			isa = PBXFrameworksBuildPhase;
			buildActionMask = 2147483647;
			files = (
			);
			runOnlyForDeploymentPostprocessing = 0;
		};
/* End PBXFrameworksBuildPhase section */

/* Begin PBXGroup section */
		4261F74B2B82700000F0EE18 /* Resource */ = {
			isa = PBXGroup;
			children = (
				42F874342B82576800681A1A /* AppDelegate.swift */,
				42F874362B82576800681A1A /* SceneDelegate.swift */,
				42F8743D2B82576900681A1A /* Assets.xcassets */,
				42F8743F2B82576900681A1A /* LaunchScreen.storyboard */,
			);
			path = Resource;
			sourceTree = "<group>";
		};
		4261F74C2B82700D00F0EE18 /* PassDataApp */ = {
			isa = PBXGroup;
			children = (
				4261F7492B826F3700F0EE18 /* PassDataSecondViewController.swift */,
				4261F7472B826E2E00F0EE18 /* PassDataViewController.swift */,
			);
			path = PassDataApp;
			sourceTree = "<group>";
		};
		4261F74D2B82701800F0EE18 /* WeekdayApp */ = {
			isa = PBXGroup;
			children = (
				42F874382B82576800681A1A /* WeekdayViewController.swift */,
			);
			path = WeekdayApp;
			sourceTree = "<group>";
		};
		4261F74E2B82702000F0EE18 /* ConverterApp */ = {
			isa = PBXGroup;
			children = (
				42F874482B8261A300681A1A /* ConverterViewController.swift */,
			);
			path = ConverterApp;
			sourceTree = "<group>";
		};
		42F874282B82576800681A1A = {
			isa = PBXGroup;
			children = (
				42F874332B82576800681A1A /* FirstApps */,
				42F874322B82576800681A1A /* Products */,
			);
			sourceTree = "<group>";
		};
		42F874322B82576800681A1A /* Products */ = {
			isa = PBXGroup;
			children = (
				42F874312B82576800681A1A /* FirstApps.app */,
			);
			name = Products;
			sourceTree = "<group>";
		};
		42F874332B82576800681A1A /* FirstApps */ = {
			isa = PBXGroup;
			children = (
				4261F74B2B82700000F0EE18 /* Resource */,
				4261F74D2B82701800F0EE18 /* WeekdayApp */,
				4261F74E2B82702000F0EE18 /* ConverterApp */,
				4261F74C2B82700D00F0EE18 /* PassDataApp */,
				42F8743A2B82576800681A1A /* Main.storyboard */,
				42F874422B82576900681A1A /* Info.plist */,
			);
			path = FirstApps;
			sourceTree = "<group>";
		};
/* End PBXGroup section */

/* Begin PBXNativeTarget section */
		42F874302B82576800681A1A /* FirstApps */ = {
			isa = PBXNativeTarget;
			buildConfigurationList = 42F874452B82576900681A1A /* Build configuration list for PBXNativeTarget "FirstApps" */;
			buildPhases = (
				42F8742D2B82576800681A1A /* Sources */,
				42F8742E2B82576800681A1A /* Frameworks */,
				42F8742F2B82576800681A1A /* Resources */,
			);
			buildRules = (
			);
			dependencies = (
			);
			name = FirstApps;
			productName = FirstApps;
			productReference = 42F874312B82576800681A1A /* FirstApps.app */;
			productType = "com.apple.product-type.application";
		};
/* End PBXNativeTarget section */

/* Begin PBXProject section */
		42F874292B82576800681A1A /* Project object */ = {
			isa = PBXProject;
			attributes = {
				BuildIndependentTargetsInParallel = 1;
				LastSwiftUpdateCheck = 1520;
				LastUpgradeCheck = 1520;
				TargetAttributes = {
					42F874302B82576800681A1A = {
						CreatedOnToolsVersion = 15.2;
					};
				};
			};
			buildConfigurationList = 42F8742C2B82576800681A1A /* Build configuration list for PBXProject "FirstApps" */;
			compatibilityVersion = "Xcode 14.0";
			developmentRegion = en;
			hasScannedForEncodings = 0;
			knownRegions = (
				en,
				Base,
			);
			mainGroup = 42F874282B82576800681A1A;
			productRefGroup = 42F874322B82576800681A1A /* Products */;
			projectDirPath = "";
			projectRoot = "";
			targets = (
				42F874302B82576800681A1A /* FirstApps */,
			);
		};
/* End PBXProject section */

/* Begin PBXResourcesBuildPhase section */
		42F8742F2B82576800681A1A /* Resources */ = {
			isa = PBXResourcesBuildPhase;
			buildActionMask = 2147483647;
			files = (
				42F874412B82576900681A1A /* LaunchScreen.storyboard in Resources */,
				42F8743E2B82576900681A1A /* Assets.xcassets in Resources */,
				42F8743C2B82576800681A1A /* Main.storyboard in Resources */,
			);
			runOnlyForDeploymentPostprocessing = 0;
		};
/* End PBXResourcesBuildPhase section */

/* Begin PBXSourcesBuildPhase section */
		42F8742D2B82576800681A1A /* Sources */ = {
			isa = PBXSourcesBuildPhase;
			buildActionMask = 2147483647;
			files = (
				42F874392B82576800681A1A /* WeekdayViewController.swift in Sources */,
				4261F7482B826E2E00F0EE18 /* PassDataViewController.swift in Sources */,
				42F874352B82576800681A1A /* AppDelegate.swift in Sources */,
				4261F74A2B826F3700F0EE18 /* PassDataSecondViewController.swift in Sources */,
				42F874372B82576800681A1A /* SceneDelegate.swift in Sources */,
				42F874492B8261A300681A1A /* ConverterViewController.swift in Sources */,
			);
			runOnlyForDeploymentPostprocessing = 0;
		};
/* End PBXSourcesBuildPhase section */

/* Begin PBXVariantGroup section */
		42F8743A2B82576800681A1A /* Main.storyboard */ = {
			isa = PBXVariantGroup;
			children = (
				42F8743B2B82576800681A1A /* Base */,
			);
			name = Main.storyboard;
			sourceTree = "<group>";
		};
		42F8743F2B82576900681A1A /* LaunchScreen.storyboard */ = {
			isa = PBXVariantGroup;
			children = (
				42F874402B82576900681A1A /* Base */,
			);
			name = LaunchScreen.storyboard;
			sourceTree = "<group>";
		};
/* End PBXVariantGroup section */

/* Begin XCBuildConfiguration section */
		42F874432B82576900681A1A /* Debug */ = {
			isa = XCBuildConfiguration;
			buildSettings = {
				ALWAYS_SEARCH_USER_PATHS = NO;
				ASSETCATALOG_COMPILER_GENERATE_SWIFT_ASSET_SYMBOL_EXTENSIONS = YES;
				CLANG_ANALYZER_NONNULL = YES;
				CLANG_ANALYZER_NUMBER_OBJECT_CONVERSION = YES_AGGRESSIVE;
				CLANG_CXX_LANGUAGE_STANDARD = "gnu++20";
				CLANG_ENABLE_MODULES = YES;
				CLANG_ENABLE_OBJC_ARC = YES;
				CLANG_ENABLE_OBJC_WEAK = YES;
				CLANG_WARN_BLOCK_CAPTURE_AUTORELEASING = YES;
				CLANG_WARN_BOOL_CONVERSION = YES;
				CLANG_WARN_COMMA = YES;
				CLANG_WARN_CONSTANT_CONVERSION = YES;
				CLANG_WARN_DEPRECATED_OBJC_IMPLEMENTATIONS = YES;
				CLANG_WARN_DIRECT_OBJC_ISA_USAGE = YES_ERROR;
				CLANG_WARN_DOCUMENTATION_COMMENTS = YES;
				CLANG_WARN_EMPTY_BODY = YES;
				CLANG_WARN_ENUM_CONVERSION = YES;
				CLANG_WARN_INFINITE_RECURSION = YES;
				CLANG_WARN_INT_CONVERSION = YES;
				CLANG_WARN_NON_LITERAL_NULL_CONVERSION = YES;
				CLANG_WARN_OBJC_IMPLICIT_RETAIN_SELF = YES;
				CLANG_WARN_OBJC_LITERAL_CONVERSION = YES;
				CLANG_WARN_OBJC_ROOT_CLASS = YES_ERROR;
				CLANG_WARN_QUOTED_INCLUDE_IN_FRAMEWORK_HEADER = YES;
				CLANG_WARN_RANGE_LOOP_ANALYSIS = YES;
				CLANG_WARN_STRICT_PROTOTYPES = YES;
				CLANG_WARN_SUSPICIOUS_MOVE = YES;
				CLANG_WARN_UNGUARDED_AVAILABILITY = YES_AGGRESSIVE;
				CLANG_WARN_UNREACHABLE_CODE = YES;
				CLANG_WARN__DUPLICATE_METHOD_MATCH = YES;
				COPY_PHASE_STRIP = NO;
				DEBUG_INFORMATION_FORMAT = dwarf;
				ENABLE_STRICT_OBJC_MSGSEND = YES;
				ENABLE_TESTABILITY = YES;
				ENABLE_USER_SCRIPT_SANDBOXING = YES;
				GCC_C_LANGUAGE_STANDARD = gnu17;
				GCC_DYNAMIC_NO_PIC = NO;
				GCC_NO_COMMON_BLOCKS = YES;
				GCC_OPTIMIZATION_LEVEL = 0;
				GCC_PREPROCESSOR_DEFINITIONS = (
					"DEBUG=1",
					"$(inherited)",
				);
				GCC_WARN_64_TO_32_BIT_CONVERSION = YES;
				GCC_WARN_ABOUT_RETURN_TYPE = YES_ERROR;
				GCC_WARN_UNDECLARED_SELECTOR = YES;
				GCC_WARN_UNINITIALIZED_AUTOS = YES_AGGRESSIVE;
				GCC_WARN_UNUSED_FUNCTION = YES;
				GCC_WARN_UNUSED_VARIABLE = YES;
				IPHONEOS_DEPLOYMENT_TARGET = 17.2;
				LOCALIZATION_PREFERS_STRING_CATALOGS = YES;
				MTL_ENABLE_DEBUG_INFO = INCLUDE_SOURCE;
				MTL_FAST_MATH = YES;
				ONLY_ACTIVE_ARCH = YES;
				SDKROOT = iphoneos;
				SWIFT_ACTIVE_COMPILATION_CONDITIONS = "DEBUG $(inherited)";
				SWIFT_OPTIMIZATION_LEVEL = "-Onone";
			};
			name = Debug;
		};
		42F874442B82576900681A1A /* Release */ = {
			isa = XCBuildConfiguration;
			buildSettings = {
				ALWAYS_SEARCH_USER_PATHS = NO;
				ASSETCATALOG_COMPILER_GENERATE_SWIFT_ASSET_SYMBOL_EXTENSIONS = YES;
				CLANG_ANALYZER_NONNULL = YES;
				CLANG_ANALYZER_NUMBER_OBJECT_CONVERSION = YES_AGGRESSIVE;
				CLANG_CXX_LANGUAGE_STANDARD = "gnu++20";
				CLANG_ENABLE_MODULES = YES;
				CLANG_ENABLE_OBJC_ARC = YES;
				CLANG_ENABLE_OBJC_WEAK = YES;
				CLANG_WARN_BLOCK_CAPTURE_AUTORELEASING = YES;
				CLANG_WARN_BOOL_CONVERSION = YES;
				CLANG_WARN_COMMA = YES;
				CLANG_WARN_CONSTANT_CONVERSION = YES;
				CLANG_WARN_DEPRECATED_OBJC_IMPLEMENTATIONS = YES;
				CLANG_WARN_DIRECT_OBJC_ISA_USAGE = YES_ERROR;
				CLANG_WARN_DOCUMENTATION_COMMENTS = YES;
				CLANG_WARN_EMPTY_BODY = YES;
				CLANG_WARN_ENUM_CONVERSION = YES;
				CLANG_WARN_INFINITE_RECURSION = YES;
				CLANG_WARN_INT_CONVERSION = YES;
				CLANG_WARN_NON_LITERAL_NULL_CONVERSION = YES;
				CLANG_WARN_OBJC_IMPLICIT_RETAIN_SELF = YES;
				CLANG_WARN_OBJC_LITERAL_CONVERSION = YES;
				CLANG_WARN_OBJC_ROOT_CLASS = YES_ERROR;
				CLANG_WARN_QUOTED_INCLUDE_IN_FRAMEWORK_HEADER = YES;
				CLANG_WARN_RANGE_LOOP_ANALYSIS = YES;
				CLANG_WARN_STRICT_PROTOTYPES = YES;
				CLANG_WARN_SUSPICIOUS_MOVE = YES;
				CLANG_WARN_UNGUARDED_AVAILABILITY = YES_AGGRESSIVE;
				CLANG_WARN_UNREACHABLE_CODE = YES;
				CLANG_WARN__DUPLICATE_METHOD_MATCH = YES;
				COPY_PHASE_STRIP = NO;
				DEBUG_INFORMATION_FORMAT = "dwarf-with-dsym";
				ENABLE_NS_ASSERTIONS = NO;
				ENABLE_STRICT_OBJC_MSGSEND = YES;
				ENABLE_USER_SCRIPT_SANDBOXING = YES;
				GCC_C_LANGUAGE_STANDARD = gnu17;
				GCC_NO_COMMON_BLOCKS = YES;
				GCC_WARN_64_TO_32_BIT_CONVERSION = YES;
				GCC_WARN_ABOUT_RETURN_TYPE = YES_ERROR;
				GCC_WARN_UNDECLARED_SELECTOR = YES;
				GCC_WARN_UNINITIALIZED_AUTOS = YES_AGGRESSIVE;
				GCC_WARN_UNUSED_FUNCTION = YES;
				GCC_WARN_UNUSED_VARIABLE = YES;
				IPHONEOS_DEPLOYMENT_TARGET = 17.2;
				LOCALIZATION_PREFERS_STRING_CATALOGS = YES;
				MTL_ENABLE_DEBUG_INFO = NO;
				MTL_FAST_MATH = YES;
				SDKROOT = iphoneos;
				SWIFT_COMPILATION_MODE = wholemodule;
				VALIDATE_PRODUCT = YES;
			};
			name = Release;
		};
		42F874462B82576900681A1A /* Debug */ = {
			isa = XCBuildConfiguration;
			buildSettings = {
				ASSETCATALOG_COMPILER_APPICON_NAME = AppIcon;
				ASSETCATALOG_COMPILER_GLOBAL_ACCENT_COLOR_NAME = AccentColor;
				CODE_SIGN_STYLE = Automatic;
				CURRENT_PROJECT_VERSION = 1;
				DEVELOPMENT_TEAM = Y2Y34S7QM3;
				GENERATE_INFOPLIST_FILE = YES;
				INFOPLIST_FILE = FirstApps/Info.plist;
				INFOPLIST_KEY_UIApplicationSupportsIndirectInputEvents = YES;
				INFOPLIST_KEY_UILaunchStoryboardName = LaunchScreen;
				INFOPLIST_KEY_UIMainStoryboardFile = Main;
				INFOPLIST_KEY_UISupportedInterfaceOrientations_iPad = "UIInterfaceOrientationPortrait UIInterfaceOrientationPortraitUpsideDown UIInterfaceOrientationLandscapeLeft UIInterfaceOrientationLandscapeRight";
				INFOPLIST_KEY_UISupportedInterfaceOrientations_iPhone = "UIInterfaceOrientationPortrait UIInterfaceOrientationLandscapeLeft UIInterfaceOrientationLandscapeRight";
				LD_RUNPATH_SEARCH_PATHS = (
					"$(inherited)",
					"@executable_path/Frameworks",
				);
				MARKETING_VERSION = 1.0;
				PRODUCT_BUNDLE_IDENTIFIER = com.mrgsdev.FirstApps;
				PRODUCT_NAME = "$(TARGET_NAME)";
				SWIFT_EMIT_LOC_STRINGS = YES;
				SWIFT_VERSION = 5.0;
				TARGETED_DEVICE_FAMILY = "1,2";
			};
			name = Debug;
		};
		42F874472B82576900681A1A /* Release */ = {
			isa = XCBuildConfiguration;
			buildSettings = {
				ASSETCATALOG_COMPILER_APPICON_NAME = AppIcon;
				ASSETCATALOG_COMPILER_GLOBAL_ACCENT_COLOR_NAME = AccentColor;
				CODE_SIGN_STYLE = Automatic;
				CURRENT_PROJECT_VERSION = 1;
				DEVELOPMENT_TEAM = Y2Y34S7QM3;
				GENERATE_INFOPLIST_FILE = YES;
				INFOPLIST_FILE = FirstApps/Info.plist;
				INFOPLIST_KEY_UIApplicationSupportsIndirectInputEvents = YES;
				INFOPLIST_KEY_UILaunchStoryboardName = LaunchScreen;
				INFOPLIST_KEY_UIMainStoryboardFile = Main;
				INFOPLIST_KEY_UISupportedInterfaceOrientations_iPad = "UIInterfaceOrientationPortrait UIInterfaceOrientationPortraitUpsideDown UIInterfaceOrientationLandscapeLeft UIInterfaceOrientationLandscapeRight";
				INFOPLIST_KEY_UISupportedInterfaceOrientations_iPhone = "UIInterfaceOrientationPortrait UIInterfaceOrientationLandscapeLeft UIInterfaceOrientationLandscapeRight";
				LD_RUNPATH_SEARCH_PATHS = (
					"$(inherited)",
					"@executable_path/Frameworks",
				);
				MARKETING_VERSION = 1.0;
				PRODUCT_BUNDLE_IDENTIFIER = com.mrgsdev.FirstApps;
				PRODUCT_NAME = "$(TARGET_NAME)";
				SWIFT_EMIT_LOC_STRINGS = YES;
				SWIFT_VERSION = 5.0;
				TARGETED_DEVICE_FAMILY = "1,2";
			};
			name = Release;
		};
/* End XCBuildConfiguration section */

/* Begin XCConfigurationList section */
		42F8742C2B82576800681A1A /* Build configuration list for PBXProject "FirstApps" */ = {
			isa = XCConfigurationList;
			buildConfigurations = (
				42F874432B82576900681A1A /* Debug */,
				42F874442B82576900681A1A /* Release */,
			);
			defaultConfigurationIsVisible = 0;
			defaultConfigurationName = Release;
		};
		42F874452B82576900681A1A /* Build configuration list for PBXNativeTarget "FirstApps" */ = {
			isa = XCConfigurationList;
			buildConfigurations = (
				42F874462B82576900681A1A /* Debug */,
				42F874472B82576900681A1A /* Release */,
			);
			defaultConfigurationIsVisible = 0;
			defaultConfigurationName = Release;
		};
/* End XCConfigurationList section */
	};
	rootObject = 42F874292B82576800681A1A /* Project object */;
}
